
Microsoft Visual Studio Solution File, Format Version 12.00
# Visual Studio 2012
Project("{FAE04EC0-301F-11D3-BF4B-00C04F79EFBC}") = "CAT", "CAT\CAT.csproj", "{C2D56E1C-6EA2-4D35-B355-0AE70195CCE2}"
	ProjectSection(ProjectDependencies) = postProject
		{9B363901-75B7-46AA-9AF3-EE704BD29DB5} = {9B363901-75B7-46AA-9AF3-EE704BD29DB5}
		{6256560F-B733-4976-A693-9BBD0A0C360A} = {6256560F-B733-4976-A693-9BBD0A0C360A}
		{D72F7A22-B141-4A6C-9BEA-4D921DE33EC2} = {D72F7A22-B141-4A6C-9BEA-4D921DE33EC2}
		{8D4B6462-0124-445F-80BB-3E53999C15A6} = {8D4B6462-0124-445F-80BB-3E53999C15A6}
		{7D522067-ECAA-492F-AAA7-AE4AFDB695CD} = {7D522067-ECAA-492F-AAA7-AE4AFDB695CD}
		{1D878D75-AE9C-4C86-84E8-E423F260B3FC} = {1D878D75-AE9C-4C86-84E8-E423F260B3FC}
		{94503282-B126-4CC6-93AC-E167FACD372D} = {94503282-B126-4CC6-93AC-E167FACD372D}
		{35BD0A96-D62D-4AC8-AAA9-A6B0A2BBE456} = {35BD0A96-D62D-4AC8-AAA9-A6B0A2BBE456}
		{FC12F3B0-2FED-4063-A348-91F7C9FF4901} = {FC12F3B0-2FED-4063-A348-91F7C9FF4901}
		{3A9037B1-35C4-42F1-A229-2A6D969A6148} = {3A9037B1-35C4-42F1-A229-2A6D969A6148}
		{B2C7C2B5-372A-4A62-882D-5C54186B4AA5} = {B2C7C2B5-372A-4A62-882D-5C54186B4AA5}
		{C667AFB7-B589-4D6A-BAA8-3E1495463C93} = {C667AFB7-B589-4D6A-BAA8-3E1495463C93}
		{922ED2DE-6DCC-4A0F-A3C9-A336CD30E5AF} = {922ED2DE-6DCC-4A0F-A3C9-A336CD30E5AF}
		{EAC394E6-2724-4795-81FF-8700A0D74CD0} = {EAC394E6-2724-4795-81FF-8700A0D74CD0}
		{EC3121F3-5FEB-47D8-A98C-251D1070C051} = {EC3121F3-5FEB-47D8-A98C-251D1070C051}
	EndProjectSection
EndProject
Project("{FAE04EC0-301F-11D3-BF4B-00C04F79EFBC}") = "CATModel", "CATModel\CATModel.csproj", "{BD3CB4A6-8C03-4C8E-8520-DEF3F7DFD69C}"
EndProject
Project("{FAE04EC0-301F-11D3-BF4B-00C04F79EFBC}") = "BAS014", "Modules\BAS\014\BAS014.csproj", "{D72F7A22-B141-4A6C-9BEA-4D921DE33EC2}"
EndProject
Project("{FAE04EC0-301F-11D3-BF4B-00C04F79EFBC}") = "BAS015", "Modules\BAS\015\BAS015.csproj", "{6256560F-B733-4976-A693-9BBD0A0C360A}"
EndProject
Project("{8BC9CEB8-8B4A-11D0-8D11-00A0C91BC942}") = "CATNativeUtils", "CATNativeUtils\CATNativeUtils.vcxproj", "{EC3121F3-5FEB-47D8-A98C-251D1070C051}"
EndProject
Project("{FAE04EC0-301F-11D3-BF4B-00C04F79EFBC}") = "STR050", "Modules\STR\050\STR050.csproj", "{7D522067-ECAA-492F-AAA7-AE4AFDB695CD}"
EndProject
Project("{FAE04EC0-301F-11D3-BF4B-00C04F79EFBC}") = "STR051", "Modules\STR\051\STR051.csproj", "{9B363901-75B7-46AA-9AF3-EE704BD29DB5}"
EndProject
Project("{2150E333-8FDC-42A3-9474-1A3956D46DE8}") = "Modules", "Modules", "{F70C3C1F-16CD-4122-A878-16D3D77960DD}"
EndProject
Project("{FAE04EC0-301F-11D3-BF4B-00C04F79EFBC}") = "GP070", "Modules\GP\070\GP070.csproj", "{94503282-B126-4CC6-93AC-E167FACD372D}"
EndProject
Project("{8BC9CEB8-8B4A-11D0-8D11-00A0C91BC942}") = "LaunchXContent", "LaunchXContent\LaunchXContent.vcxproj", "{3A9037B1-35C4-42F1-A229-2A6D969A6148}"
EndProject
Project("{FAE04EC0-301F-11D3-BF4B-00C04F79EFBC}") = "BAS001", "Modules\BAS\001\BAS001.csproj", "{8D4B6462-0124-445F-80BB-3E53999C15A6}"
EndProject
Project("{FAE04EC0-301F-11D3-BF4B-00C04F79EFBC}") = "VID117", "Modules\VID\117\VID117.csproj", "{35BD0A96-D62D-4AC8-AAA9-A6B0A2BBE456}"
EndProject
Project("{FAE04EC0-301F-11D3-BF4B-00C04F79EFBC}") = "STR118", "Modules\STR\118\STR118.csproj", "{B2C7C2B5-372A-4A62-882D-5C54186B4AA5}"
EndProject
Project("{FAE04EC0-301F-11D3-BF4B-00C04F79EFBC}") = "MPS086", "Modules\MPS\086\MPS086.csproj", "{C667AFB7-B589-4D6A-BAA8-3E1495463C93}"
EndProject
Project("{FAE04EC0-301F-11D3-BF4B-00C04F79EFBC}") = "MPS115", "Modules\MPS\115\MPS115.csproj", "{FC12F3B0-2FED-4063-A348-91F7C9FF4901}"
EndProject
Project("{FAE04EC0-301F-11D3-BF4B-00C04F79EFBC}") = "BAS008", "Modules\BAS\008\BAS008.csproj", "{1D878D75-AE9C-4C86-84E8-E423F260B3FC}"
EndProject
Project("{FAE04EC0-301F-11D3-BF4B-00C04F79EFBC}") = "PER033", "Modules\PER\033\PER033.csproj", "{EAC394E6-2724-4795-81FF-8700A0D74CD0}"
EndProject
Project("{FAE04EC0-301F-11D3-BF4B-00C04F79EFBC}") = "UI028", "Modules\UI\028\UI028.csproj", "{922ED2DE-6DCC-4A0F-A3C9-A336CD30E5AF}"
EndProject
Global
	GlobalSection(SolutionConfigurationPlatforms) = preSolution
		CodeAnalysis|Any CPU = CodeAnalysis|Any CPU
		CodeAnalysis|Mixed Platforms = CodeAnalysis|Mixed Platforms
		CodeAnalysis|Win32 = CodeAnalysis|Win32
		CodeAnalysis|Xbox 360 = CodeAnalysis|Xbox 360
		Debug|Any CPU = Debug|Any CPU
		Debug|Mixed Platforms = Debug|Mixed Platforms
		Debug|Win32 = Debug|Win32
		Debug|Xbox 360 = Debug|Xbox 360
		Profile_FastCap|Any CPU = Profile_FastCap|Any CPU
		Profile_FastCap|Mixed Platforms = Profile_FastCap|Mixed Platforms
		Profile_FastCap|Win32 = Profile_FastCap|Win32
		Profile_FastCap|Xbox 360 = Profile_FastCap|Xbox 360
		Profile|Any CPU = Profile|Any CPU
		Profile|Mixed Platforms = Profile|Mixed Platforms
		Profile|Win32 = Profile|Win32
		Profile|Xbox 360 = Profile|Xbox 360
		Release_LTCG|Any CPU = Release_LTCG|Any CPU
		Release_LTCG|Mixed Platforms = Release_LTCG|Mixed Platforms
		Release_LTCG|Win32 = Release_LTCG|Win32
		Release_LTCG|Xbox 360 = Release_LTCG|Xbox 360
		Release|Any CPU = Release|Any CPU
		Release|Mixed Platforms = Release|Mixed Platforms
		Release|Win32 = Release|Win32
		Release|Xbox 360 = Release|Xbox 360
	EndGlobalSection
	GlobalSection(ProjectConfigurationPlatforms) = postSolution
		{C2D56E1C-6EA2-4D35-B355-0AE70195CCE2}.CodeAnalysis|Any CPU.ActiveCfg = Release|Any CPU
		{C2D56E1C-6EA2-4D35-B355-0AE70195CCE2}.CodeAnalysis|Any CPU.Build.0 = Release|Any CPU
		{C2D56E1C-6EA2-4D35-B355-0AE70195CCE2}.CodeAnalysis|Mixed Platforms.ActiveCfg = Release|Any CPU
		{C2D56E1C-6EA2-4D35-B355-0AE70195CCE2}.CodeAnalysis|Mixed Platforms.Build.0 = Release|Any CPU
		{C2D56E1C-6EA2-4D35-B355-0AE70195CCE2}.CodeAnalysis|Win32.ActiveCfg = Release|Any CPU
		{C2D56E1C-6EA2-4D35-B355-0AE70195CCE2}.CodeAnalysis|Xbox 360.ActiveCfg = Release|Any CPU
		{C2D56E1C-6EA2-4D35-B355-0AE70195CCE2}.Debug|Any CPU.ActiveCfg = Debug|Any CPU
		{C2D56E1C-6EA2-4D35-B355-0AE70195CCE2}.Debug|Any CPU.Build.0 = Debug|Any CPU
		{C2D56E1C-6EA2-4D35-B355-0AE70195CCE2}.Debug|Mixed Platforms.ActiveCfg = Debug|Any CPU
		{C2D56E1C-6EA2-4D35-B355-0AE70195CCE2}.Debug|Mixed Platforms.Build.0 = Debug|Any CPU
		{C2D56E1C-6EA2-4D35-B355-0AE70195CCE2}.Debug|Win32.ActiveCfg = Debug|Any CPU
		{C2D56E1C-6EA2-4D35-B355-0AE70195CCE2}.Debug|Xbox 360.ActiveCfg = Debug|Any CPU
		{C2D56E1C-6EA2-4D35-B355-0AE70195CCE2}.Profile_FastCap|Any CPU.ActiveCfg = Release|Any CPU
		{C2D56E1C-6EA2-4D35-B355-0AE70195CCE2}.Profile_FastCap|Any CPU.Build.0 = Release|Any CPU
		{C2D56E1C-6EA2-4D35-B355-0AE70195CCE2}.Profile_FastCap|Mixed Platforms.ActiveCfg = Release|Any CPU
		{C2D56E1C-6EA2-4D35-B355-0AE70195CCE2}.Profile_FastCap|Mixed Platforms.Build.0 = Release|Any CPU
		{C2D56E1C-6EA2-4D35-B355-0AE70195CCE2}.Profile_FastCap|Win32.ActiveCfg = Release|Any CPU
		{C2D56E1C-6EA2-4D35-B355-0AE70195CCE2}.Profile_FastCap|Xbox 360.ActiveCfg = Release|Any CPU
		{C2D56E1C-6EA2-4D35-B355-0AE70195CCE2}.Profile|Any CPU.ActiveCfg = Release|Any CPU
		{C2D56E1C-6EA2-4D35-B355-0AE70195CCE2}.Profile|Any CPU.Build.0 = Release|Any CPU
		{C2D56E1C-6EA2-4D35-B355-0AE70195CCE2}.Profile|Mixed Platforms.ActiveCfg = Release|Any CPU
		{C2D56E1C-6EA2-4D35-B355-0AE70195CCE2}.Profile|Mixed Platforms.Build.0 = Release|Any CPU
		{C2D56E1C-6EA2-4D35-B355-0AE70195CCE2}.Profile|Win32.ActiveCfg = Release|Any CPU
		{C2D56E1C-6EA2-4D35-B355-0AE70195CCE2}.Profile|Xbox 360.ActiveCfg = Release|Any CPU
		{C2D56E1C-6EA2-4D35-B355-0AE70195CCE2}.Release_LTCG|Any CPU.ActiveCfg = Release|Any CPU
		{C2D56E1C-6EA2-4D35-B355-0AE70195CCE2}.Release_LTCG|Any CPU.Build.0 = Release|Any CPU
		{C2D56E1C-6EA2-4D35-B355-0AE70195CCE2}.Release_LTCG|Mixed Platforms.ActiveCfg = Release|Any CPU
		{C2D56E1C-6EA2-4D35-B355-0AE70195CCE2}.Release_LTCG|Mixed Platforms.Build.0 = Release|Any CPU
		{C2D56E1C-6EA2-4D35-B355-0AE70195CCE2}.Release_LTCG|Win32.ActiveCfg = Release|Any CPU
		{C2D56E1C-6EA2-4D35-B355-0AE70195CCE2}.Release_LTCG|Xbox 360.ActiveCfg = Release|Any CPU
		{C2D56E1C-6EA2-4D35-B355-0AE70195CCE2}.Release|Any CPU.ActiveCfg = Release|Any CPU
		{C2D56E1C-6EA2-4D35-B355-0AE70195CCE2}.Release|Any CPU.Build.0 = Release|Any CPU
		{C2D56E1C-6EA2-4D35-B355-0AE70195CCE2}.Release|Mixed Platforms.ActiveCfg = Release|Any CPU
		{C2D56E1C-6EA2-4D35-B355-0AE70195CCE2}.Release|Mixed Platforms.Build.0 = Release|Any CPU
		{C2D56E1C-6EA2-4D35-B355-0AE70195CCE2}.Release|Win32.ActiveCfg = Release|Any CPU
		{C2D56E1C-6EA2-4D35-B355-0AE70195CCE2}.Release|Xbox 360.ActiveCfg = Release|Any CPU
		{BD3CB4A6-8C03-4C8E-8520-DEF3F7DFD69C}.CodeAnalysis|Any CPU.ActiveCfg = Release|Any CPU
		{BD3CB4A6-8C03-4C8E-8520-DEF3F7DFD69C}.CodeAnalysis|Any CPU.Build.0 = Release|Any CPU
		{BD3CB4A6-8C03-4C8E-8520-DEF3F7DFD69C}.CodeAnalysis|Mixed Platforms.ActiveCfg = Release|Any CPU
		{BD3CB4A6-8C03-4C8E-8520-DEF3F7DFD69C}.CodeAnalysis|Mixed Platforms.Build.0 = Release|Any CPU
		{BD3CB4A6-8C03-4C8E-8520-DEF3F7DFD69C}.CodeAnalysis|Win32.ActiveCfg = Release|Any CPU
		{BD3CB4A6-8C03-4C8E-8520-DEF3F7DFD69C}.CodeAnalysis|Xbox 360.ActiveCfg = Release|Any CPU
		{BD3CB4A6-8C03-4C8E-8520-DEF3F7DFD69C}.Debug|Any CPU.ActiveCfg = Debug|Any CPU
		{BD3CB4A6-8C03-4C8E-8520-DEF3F7DFD69C}.Debug|Any CPU.Build.0 = Debug|Any CPU
		{BD3CB4A6-8C03-4C8E-8520-DEF3F7DFD69C}.Debug|Mixed Platforms.ActiveCfg = Debug|Any CPU
		{BD3CB4A6-8C03-4C8E-8520-DEF3F7DFD69C}.Debug|Mixed Platforms.Build.0 = Debug|Any CPU
		{BD3CB4A6-8C03-4C8E-8520-DEF3F7DFD69C}.Debug|Win32.ActiveCfg = Debug|Any CPU
		{BD3CB4A6-8C03-4C8E-8520-DEF3F7DFD69C}.Debug|Xbox 360.ActiveCfg = Debug|Any CPU
		{BD3CB4A6-8C03-4C8E-8520-DEF3F7DFD69C}.Profile_FastCap|Any CPU.ActiveCfg = Release|Any CPU
		{BD3CB4A6-8C03-4C8E-8520-DEF3F7DFD69C}.Profile_FastCap|Any CPU.Build.0 = Release|Any CPU
		{BD3CB4A6-8C03-4C8E-8520-DEF3F7DFD69C}.Profile_FastCap|Mixed Platforms.ActiveCfg = Release|Any CPU
		{BD3CB4A6-8C03-4C8E-8520-DEF3F7DFD69C}.Profile_FastCap|Mixed Platforms.Build.0 = Release|Any CPU
		{BD3CB4A6-8C03-4C8E-8520-DEF3F7DFD69C}.Profile_FastCap|Win32.ActiveCfg = Release|Any CPU
		{BD3CB4A6-8C03-4C8E-8520-DEF3F7DFD69C}.Profile_FastCap|Xbox 360.ActiveCfg = Release|Any CPU
		{BD3CB4A6-8C03-4C8E-8520-DEF3F7DFD69C}.Profile|Any CPU.ActiveCfg = Release|Any CPU
		{BD3CB4A6-8C03-4C8E-8520-DEF3F7DFD69C}.Profile|Any CPU.Build.0 = Release|Any CPU
		{BD3CB4A6-8C03-4C8E-8520-DEF3F7DFD69C}.Profile|Mixed Platforms.ActiveCfg = Release|Any CPU
		{BD3CB4A6-8C03-4C8E-8520-DEF3F7DFD69C}.Profile|Mixed Platforms.Build.0 = Release|Any CPU
		{BD3CB4A6-8C03-4C8E-8520-DEF3F7DFD69C}.Profile|Win32.ActiveCfg = Release|Any CPU
		{BD3CB4A6-8C03-4C8E-8520-DEF3F7DFD69C}.Profile|Xbox 360.ActiveCfg = Release|Any CPU
		{BD3CB4A6-8C03-4C8E-8520-DEF3F7DFD69C}.Release_LTCG|Any CPU.ActiveCfg = Release|Any CPU
		{BD3CB4A6-8C03-4C8E-8520-DEF3F7DFD69C}.Release_LTCG|Any CPU.Build.0 = Release|Any CPU
		{BD3CB4A6-8C03-4C8E-8520-DEF3F7DFD69C}.Release_LTCG|Mixed Platforms.ActiveCfg = Release|Any CPU
		{BD3CB4A6-8C03-4C8E-8520-DEF3F7DFD69C}.Release_LTCG|Mixed Platforms.Build.0 = Release|Any CPU
		{BD3CB4A6-8C03-4C8E-8520-DEF3F7DFD69C}.Release_LTCG|Win32.ActiveCfg = Release|Any CPU
		{BD3CB4A6-8C03-4C8E-8520-DEF3F7DFD69C}.Release_LTCG|Xbox 360.ActiveCfg = Release|Any CPU
		{BD3CB4A6-8C03-4C8E-8520-DEF3F7DFD69C}.Release|Any CPU.ActiveCfg = Release|Any CPU
		{BD3CB4A6-8C03-4C8E-8520-DEF3F7DFD69C}.Release|Any CPU.Build.0 = Release|Any CPU
		{BD3CB4A6-8C03-4C8E-8520-DEF3F7DFD69C}.Release|Mixed Platforms.ActiveCfg = Release|Any CPU
		{BD3CB4A6-8C03-4C8E-8520-DEF3F7DFD69C}.Release|Mixed Platforms.Build.0 = Release|Any CPU
		{BD3CB4A6-8C03-4C8E-8520-DEF3F7DFD69C}.Release|Win32.ActiveCfg = Release|Any CPU
		{BD3CB4A6-8C03-4C8E-8520-DEF3F7DFD69C}.Release|Xbox 360.ActiveCfg = Release|Any CPU
		{D72F7A22-B141-4A6C-9BEA-4D921DE33EC2}.CodeAnalysis|Any CPU.ActiveCfg = Release|Any CPU
		{D72F7A22-B141-4A6C-9BEA-4D921DE33EC2}.CodeAnalysis|Any CPU.Build.0 = Release|Any CPU
		{D72F7A22-B141-4A6C-9BEA-4D921DE33EC2}.CodeAnalysis|Mixed Platforms.ActiveCfg = Release|Any CPU
		{D72F7A22-B141-4A6C-9BEA-4D921DE33EC2}.CodeAnalysis|Mixed Platforms.Build.0 = Release|Any CPU
		{D72F7A22-B141-4A6C-9BEA-4D921DE33EC2}.CodeAnalysis|Win32.ActiveCfg = Release|Any CPU
		{D72F7A22-B141-4A6C-9BEA-4D921DE33EC2}.CodeAnalysis|Xbox 360.ActiveCfg = Release|Any CPU
		{D72F7A22-B141-4A6C-9BEA-4D921DE33EC2}.Debug|Any CPU.ActiveCfg = Debug|Any CPU
		{D72F7A22-B141-4A6C-9BEA-4D921DE33EC2}.Debug|Any CPU.Build.0 = Debug|Any CPU
		{D72F7A22-B141-4A6C-9BEA-4D921DE33EC2}.Debug|Mixed Platforms.ActiveCfg = Debug|Any CPU
		{D72F7A22-B141-4A6C-9BEA-4D921DE33EC2}.Debug|Mixed Platforms.Build.0 = Debug|Any CPU
		{D72F7A22-B141-4A6C-9BEA-4D921DE33EC2}.Debug|Win32.ActiveCfg = Debug|Any CPU
		{D72F7A22-B141-4A6C-9BEA-4D921DE33EC2}.Debug|Xbox 360.ActiveCfg = Debug|Any CPU
		{D72F7A22-B141-4A6C-9BEA-4D921DE33EC2}.Profile_FastCap|Any CPU.ActiveCfg = Release|Any CPU
		{D72F7A22-B141-4A6C-9BEA-4D921DE33EC2}.Profile_FastCap|Any CPU.Build.0 = Release|Any CPU
		{D72F7A22-B141-4A6C-9BEA-4D921DE33EC2}.Profile_FastCap|Mixed Platforms.ActiveCfg = Release|Any CPU
		{D72F7A22-B141-4A6C-9BEA-4D921DE33EC2}.Profile_FastCap|Mixed Platforms.Build.0 = Release|Any CPU
		{D72F7A22-B141-4A6C-9BEA-4D921DE33EC2}.Profile_FastCap|Win32.ActiveCfg = Release|Any CPU
		{D72F7A22-B141-4A6C-9BEA-4D921DE33EC2}.Profile_FastCap|Xbox 360.ActiveCfg = Release|Any CPU
		{D72F7A22-B141-4A6C-9BEA-4D921DE33EC2}.Profile|Any CPU.ActiveCfg = Release|Any CPU
		{D72F7A22-B141-4A6C-9BEA-4D921DE33EC2}.Profile|Any CPU.Build.0 = Release|Any CPU
		{D72F7A22-B141-4A6C-9BEA-4D921DE33EC2}.Profile|Mixed Platforms.ActiveCfg = Release|Any CPU
		{D72F7A22-B141-4A6C-9BEA-4D921DE33EC2}.Profile|Mixed Platforms.Build.0 = Release|Any CPU
		{D72F7A22-B141-4A6C-9BEA-4D921DE33EC2}.Profile|Win32.ActiveCfg = Release|Any CPU
		{D72F7A22-B141-4A6C-9BEA-4D921DE33EC2}.Profile|Xbox 360.ActiveCfg = Release|Any CPU
		{D72F7A22-B141-4A6C-9BEA-4D921DE33EC2}.Release_LTCG|Any CPU.ActiveCfg = Release|Any CPU
		{D72F7A22-B141-4A6C-9BEA-4D921DE33EC2}.Release_LTCG|Any CPU.Build.0 = Release|Any CPU
		{D72F7A22-B141-4A6C-9BEA-4D921DE33EC2}.Release_LTCG|Mixed Platforms.ActiveCfg = Release|Any CPU
		{D72F7A22-B141-4A6C-9BEA-4D921DE33EC2}.Release_LTCG|Mixed Platforms.Build.0 = Release|Any CPU
		{D72F7A22-B141-4A6C-9BEA-4D921DE33EC2}.Release_LTCG|Win32.ActiveCfg = Release|Any CPU
		{D72F7A22-B141-4A6C-9BEA-4D921DE33EC2}.Release_LTCG|Xbox 360.ActiveCfg = Release|Any CPU
		{D72F7A22-B141-4A6C-9BEA-4D921DE33EC2}.Release|Any CPU.ActiveCfg = Release|Any CPU
		{D72F7A22-B141-4A6C-9BEA-4D921DE33EC2}.Release|Any CPU.Build.0 = Release|Any CPU
		{D72F7A22-B141-4A6C-9BEA-4D921DE33EC2}.Release|Mixed Platforms.ActiveCfg = Release|Any CPU
		{D72F7A22-B141-4A6C-9BEA-4D921DE33EC2}.Release|Mixed Platforms.Build.0 = Release|Any CPU
		{D72F7A22-B141-4A6C-9BEA-4D921DE33EC2}.Release|Win32.ActiveCfg = Release|Any CPU
		{D72F7A22-B141-4A6C-9BEA-4D921DE33EC2}.Release|Xbox 360.ActiveCfg = Release|Any CPU
		{6256560F-B733-4976-A693-9BBD0A0C360A}.CodeAnalysis|Any CPU.ActiveCfg = Release|Any CPU
		{6256560F-B733-4976-A693-9BBD0A0C360A}.CodeAnalysis|Any CPU.Build.0 = Release|Any CPU
		{6256560F-B733-4976-A693-9BBD0A0C360A}.CodeAnalysis|Mixed Platforms.ActiveCfg = Release|Any CPU
		{6256560F-B733-4976-A693-9BBD0A0C360A}.CodeAnalysis|Mixed Platforms.Build.0 = Release|Any CPU
		{6256560F-B733-4976-A693-9BBD0A0C360A}.CodeAnalysis|Win32.ActiveCfg = Release|Any CPU
		{6256560F-B733-4976-A693-9BBD0A0C360A}.CodeAnalysis|Xbox 360.ActiveCfg = Release|Any CPU
		{6256560F-B733-4976-A693-9BBD0A0C360A}.Debug|Any CPU.ActiveCfg = Debug|Any CPU
		{6256560F-B733-4976-A693-9BBD0A0C360A}.Debug|Any CPU.Build.0 = Debug|Any CPU
		{6256560F-B733-4976-A693-9BBD0A0C360A}.Debug|Mixed Platforms.ActiveCfg = Debug|Any CPU
		{6256560F-B733-4976-A693-9BBD0A0C360A}.Debug|Mixed Platforms.Build.0 = Debug|Any CPU
		{6256560F-B733-4976-A693-9BBD0A0C360A}.Debug|Win32.ActiveCfg = Debug|Any CPU
		{6256560F-B733-4976-A693-9BBD0A0C360A}.Debug|Xbox 360.ActiveCfg = Debug|Any CPU
		{6256560F-B733-4976-A693-9BBD0A0C360A}.Profile_FastCap|Any CPU.ActiveCfg = Release|Any CPU
		{6256560F-B733-4976-A693-9BBD0A0C360A}.Profile_FastCap|Any CPU.Build.0 = Release|Any CPU
		{6256560F-B733-4976-A693-9BBD0A0C360A}.Profile_FastCap|Mixed Platforms.ActiveCfg = Release|Any CPU
		{6256560F-B733-4976-A693-9BBD0A0C360A}.Profile_FastCap|Mixed Platforms.Build.0 = Release|Any CPU
		{6256560F-B733-4976-A693-9BBD0A0C360A}.Profile_FastCap|Win32.ActiveCfg = Release|Any CPU
		{6256560F-B733-4976-A693-9BBD0A0C360A}.Profile_FastCap|Xbox 360.ActiveCfg = Release|Any CPU
		{6256560F-B733-4976-A693-9BBD0A0C360A}.Profile|Any CPU.ActiveCfg = Release|Any CPU
		{6256560F-B733-4976-A693-9BBD0A0C360A}.Profile|Any CPU.Build.0 = Release|Any CPU
		{6256560F-B733-4976-A693-9BBD0A0C360A}.Profile|Mixed Platforms.ActiveCfg = Release|Any CPU
		{6256560F-B733-4976-A693-9BBD0A0C360A}.Profile|Mixed Platforms.Build.0 = Release|Any CPU
		{6256560F-B733-4976-A693-9BBD0A0C360A}.Profile|Win32.ActiveCfg = Release|Any CPU
		{6256560F-B733-4976-A693-9BBD0A0C360A}.Profile|Xbox 360.ActiveCfg = Release|Any CPU
		{6256560F-B733-4976-A693-9BBD0A0C360A}.Release_LTCG|Any CPU.ActiveCfg = Release|Any CPU
		{6256560F-B733-4976-A693-9BBD0A0C360A}.Release_LTCG|Any CPU.Build.0 = Release|Any CPU
		{6256560F-B733-4976-A693-9BBD0A0C360A}.Release_LTCG|Mixed Platforms.ActiveCfg = Release|Any CPU
		{6256560F-B733-4976-A693-9BBD0A0C360A}.Release_LTCG|Mixed Platforms.Build.0 = Release|Any CPU
		{6256560F-B733-4976-A693-9BBD0A0C360A}.Release_LTCG|Win32.ActiveCfg = Release|Any CPU
		{6256560F-B733-4976-A693-9BBD0A0C360A}.Release_LTCG|Xbox 360.ActiveCfg = Release|Any CPU
		{6256560F-B733-4976-A693-9BBD0A0C360A}.Release|Any CPU.ActiveCfg = Release|Any CPU
		{6256560F-B733-4976-A693-9BBD0A0C360A}.Release|Any CPU.Build.0 = Release|Any CPU
		{6256560F-B733-4976-A693-9BBD0A0C360A}.Release|Mixed Platforms.ActiveCfg = Release|Any CPU
		{6256560F-B733-4976-A693-9BBD0A0C360A}.Release|Mixed Platforms.Build.0 = Release|Any CPU
		{6256560F-B733-4976-A693-9BBD0A0C360A}.Release|Win32.ActiveCfg = Release|Any CPU
		{6256560F-B733-4976-A693-9BBD0A0C360A}.Release|Xbox 360.ActiveCfg = Release|Any CPU
		{EC3121F3-5FEB-47D8-A98C-251D1070C051}.CodeAnalysis|Any CPU.ActiveCfg = Release|Win32
		{EC3121F3-5FEB-47D8-A98C-251D1070C051}.CodeAnalysis|Mixed Platforms.ActiveCfg = Release|Win32
		{EC3121F3-5FEB-47D8-A98C-251D1070C051}.CodeAnalysis|Mixed Platforms.Build.0 = Release|Win32
		{EC3121F3-5FEB-47D8-A98C-251D1070C051}.CodeAnalysis|Win32.ActiveCfg = Release|Win32
		{EC3121F3-5FEB-47D8-A98C-251D1070C051}.CodeAnalysis|Win32.Build.0 = Release|Win32
		{EC3121F3-5FEB-47D8-A98C-251D1070C051}.CodeAnalysis|Xbox 360.ActiveCfg = Release|Win32
		{EC3121F3-5FEB-47D8-A98C-251D1070C051}.Debug|Any CPU.ActiveCfg = Debug|Win32
		{EC3121F3-5FEB-47D8-A98C-251D1070C051}.Debug|Mixed Platforms.ActiveCfg = Debug|Win32
		{EC3121F3-5FEB-47D8-A98C-251D1070C051}.Debug|Mixed Platforms.Build.0 = Debug|Win32
		{EC3121F3-5FEB-47D8-A98C-251D1070C051}.Debug|Win32.ActiveCfg = Debug|Win32
		{EC3121F3-5FEB-47D8-A98C-251D1070C051}.Debug|Win32.Build.0 = Debug|Win32
		{EC3121F3-5FEB-47D8-A98C-251D1070C051}.Debug|Xbox 360.ActiveCfg = Debug|Win32
		{EC3121F3-5FEB-47D8-A98C-251D1070C051}.Profile_FastCap|Any CPU.ActiveCfg = Release|Win32
		{EC3121F3-5FEB-47D8-A98C-251D1070C051}.Profile_FastCap|Mixed Platforms.ActiveCfg = Release|Win32
		{EC3121F3-5FEB-47D8-A98C-251D1070C051}.Profile_FastCap|Mixed Platforms.Build.0 = Release|Win32
		{EC3121F3-5FEB-47D8-A98C-251D1070C051}.Profile_FastCap|Win32.ActiveCfg = Release|Win32
		{EC3121F3-5FEB-47D8-A98C-251D1070C051}.Profile_FastCap|Win32.Build.0 = Release|Win32
		{EC3121F3-5FEB-47D8-A98C-251D1070C051}.Profile_FastCap|Xbox 360.ActiveCfg = Release|Win32
		{EC3121F3-5FEB-47D8-A98C-251D1070C051}.Profile|Any CPU.ActiveCfg = Release|Win32
		{EC3121F3-5FEB-47D8-A98C-251D1070C051}.Profile|Mixed Platforms.ActiveCfg = Release|Win32
		{EC3121F3-5FEB-47D8-A98C-251D1070C051}.Profile|Mixed Platforms.Build.0 = Release|Win32
		{EC3121F3-5FEB-47D8-A98C-251D1070C051}.Profile|Win32.ActiveCfg = Release|Win32
		{EC3121F3-5FEB-47D8-A98C-251D1070C051}.Profile|Win32.Build.0 = Release|Win32
		{EC3121F3-5FEB-47D8-A98C-251D1070C051}.Profile|Xbox 360.ActiveCfg = Release|Win32
		{EC3121F3-5FEB-47D8-A98C-251D1070C051}.Release_LTCG|Any CPU.ActiveCfg = Release|Win32
		{EC3121F3-5FEB-47D8-A98C-251D1070C051}.Release_LTCG|Mixed Platforms.ActiveCfg = Release|Win32
		{EC3121F3-5FEB-47D8-A98C-251D1070C051}.Release_LTCG|Mixed Platforms.Build.0 = Release|Win32
		{EC3121F3-5FEB-47D8-A98C-251D1070C051}.Release_LTCG|Win32.ActiveCfg = Release|Win32
		{EC3121F3-5FEB-47D8-A98C-251D1070C051}.Release_LTCG|Win32.Build.0 = Release|Win32
		{EC3121F3-5FEB-47D8-A98C-251D1070C051}.Release_LTCG|Xbox 360.ActiveCfg = Release|Win32
		{EC3121F3-5FEB-47D8-A98C-251D1070C051}.Release|Any CPU.ActiveCfg = Release|Win32
		{EC3121F3-5FEB-47D8-A98C-251D1070C051}.Release|Mixed Platforms.ActiveCfg = Release|Win32
		{EC3121F3-5FEB-47D8-A98C-251D1070C051}.Release|Mixed Platforms.Build.0 = Release|Win32
		{EC3121F3-5FEB-47D8-A98C-251D1070C051}.Release|Win32.ActiveCfg = Release|Win32
		{EC3121F3-5FEB-47D8-A98C-251D1070C051}.Release|Win32.Build.0 = Release|Win32
		{EC3121F3-5FEB-47D8-A98C-251D1070C051}.Release|Xbox 360.ActiveCfg = Release|Win32
		{7D522067-ECAA-492F-AAA7-AE4AFDB695CD}.CodeAnalysis|Any CPU.ActiveCfg = Release|Any CPU
		{7D522067-ECAA-492F-AAA7-AE4AFDB695CD}.CodeAnalysis|Any CPU.Build.0 = Release|Any CPU
		{7D522067-ECAA-492F-AAA7-AE4AFDB695CD}.CodeAnalysis|Mixed Platforms.ActiveCfg = Release|Any CPU
		{7D522067-ECAA-492F-AAA7-AE4AFDB695CD}.CodeAnalysis|Mixed Platforms.Build.0 = Release|Any CPU
		{7D522067-ECAA-492F-AAA7-AE4AFDB695CD}.CodeAnalysis|Win32.ActiveCfg = Release|Any CPU
		{7D522067-ECAA-492F-AAA7-AE4AFDB695CD}.CodeAnalysis|Xbox 360.ActiveCfg = Release|Any CPU
		{7D522067-ECAA-492F-AAA7-AE4AFDB695CD}.Debug|Any CPU.ActiveCfg = Debug|Any CPU
		{7D522067-ECAA-492F-AAA7-AE4AFDB695CD}.Debug|Any CPU.Build.0 = Debug|Any CPU
		{7D522067-ECAA-492F-AAA7-AE4AFDB695CD}.Debug|Mixed Platforms.ActiveCfg = Debug|Any CPU
		{7D522067-ECAA-492F-AAA7-AE4AFDB695CD}.Debug|Mixed Platforms.Build.0 = Debug|Any CPU
		{7D522067-ECAA-492F-AAA7-AE4AFDB695CD}.Debug|Win32.ActiveCfg = Debug|Any CPU
		{7D522067-ECAA-492F-AAA7-AE4AFDB695CD}.Debug|Xbox 360.ActiveCfg = Debug|Any CPU
		{7D522067-ECAA-492F-AAA7-AE4AFDB695CD}.Profile_FastCap|Any CPU.ActiveCfg = Release|Any CPU
		{7D522067-ECAA-492F-AAA7-AE4AFDB695CD}.Profile_FastCap|Any CPU.Build.0 = Release|Any CPU
		{7D522067-ECAA-492F-AAA7-AE4AFDB695CD}.Profile_FastCap|Mixed Platforms.ActiveCfg = Release|Any CPU
		{7D522067-ECAA-492F-AAA7-AE4AFDB695CD}.Profile_FastCap|Mixed Platforms.Build.0 = Release|Any CPU
		{7D522067-ECAA-492F-AAA7-AE4AFDB695CD}.Profile_FastCap|Win32.ActiveCfg = Release|Any CPU
		{7D522067-ECAA-492F-AAA7-AE4AFDB695CD}.Profile_FastCap|Xbox 360.ActiveCfg = Release|Any CPU
		{7D522067-ECAA-492F-AAA7-AE4AFDB695CD}.Profile|Any CPU.ActiveCfg = Release|Any CPU
		{7D522067-ECAA-492F-AAA7-AE4AFDB695CD}.Profile|Any CPU.Build.0 = Release|Any CPU
		{7D522067-ECAA-492F-AAA7-AE4AFDB695CD}.Profile|Mixed Platforms.ActiveCfg = Release|Any CPU
		{7D522067-ECAA-492F-AAA7-AE4AFDB695CD}.Profile|Mixed Platforms.Build.0 = Release|Any CPU
		{7D522067-ECAA-492F-AAA7-AE4AFDB695CD}.Profile|Win32.ActiveCfg = Release|Any CPU
		{7D522067-ECAA-492F-AAA7-AE4AFDB695CD}.Profile|Xbox 360.ActiveCfg = Release|Any CPU
		{7D522067-ECAA-492F-AAA7-AE4AFDB695CD}.Release_LTCG|Any CPU.ActiveCfg = Release|Any CPU
		{7D522067-ECAA-492F-AAA7-AE4AFDB695CD}.Release_LTCG|Any CPU.Build.0 = Release|Any CPU
		{7D522067-ECAA-492F-AAA7-AE4AFDB695CD}.Release_LTCG|Mixed Platforms.ActiveCfg = Release|Any CPU
		{7D522067-ECAA-492F-AAA7-AE4AFDB695CD}.Release_LTCG|Mixed Platforms.Build.0 = Release|Any CPU
		{7D522067-ECAA-492F-AAA7-AE4AFDB695CD}.Release_LTCG|Win32.ActiveCfg = Release|Any CPU
		{7D522067-ECAA-492F-AAA7-AE4AFDB695CD}.Release_LTCG|Xbox 360.ActiveCfg = Release|Any CPU
		{7D522067-ECAA-492F-AAA7-AE4AFDB695CD}.Release|Any CPU.ActiveCfg = Release|Any CPU
		{7D522067-ECAA-492F-AAA7-AE4AFDB695CD}.Release|Any CPU.Build.0 = Release|Any CPU
		{7D522067-ECAA-492F-AAA7-AE4AFDB695CD}.Release|Mixed Platforms.ActiveCfg = Release|Any CPU
		{7D522067-ECAA-492F-AAA7-AE4AFDB695CD}.Release|Mixed Platforms.Build.0 = Release|Any CPU
		{7D522067-ECAA-492F-AAA7-AE4AFDB695CD}.Release|Win32.ActiveCfg = Release|Any CPU
		{7D522067-ECAA-492F-AAA7-AE4AFDB695CD}.Release|Xbox 360.ActiveCfg = Release|Any CPU
		{9B363901-75B7-46AA-9AF3-EE704BD29DB5}.CodeAnalysis|Any CPU.ActiveCfg = Release|Any CPU
		{9B363901-75B7-46AA-9AF3-EE704BD29DB5}.CodeAnalysis|Any CPU.Build.0 = Release|Any CPU
		{9B363901-75B7-46AA-9AF3-EE704BD29DB5}.CodeAnalysis|Mixed Platforms.ActiveCfg = Release|Any CPU
		{9B363901-75B7-46AA-9AF3-EE704BD29DB5}.CodeAnalysis|Mixed Platforms.Build.0 = Release|Any CPU
		{9B363901-75B7-46AA-9AF3-EE704BD29DB5}.CodeAnalysis|Win32.ActiveCfg = Release|Any CPU
		{9B363901-75B7-46AA-9AF3-EE704BD29DB5}.CodeAnalysis|Xbox 360.ActiveCfg = Release|Any CPU
		{9B363901-75B7-46AA-9AF3-EE704BD29DB5}.Debug|Any CPU.ActiveCfg = Debug|Any CPU
		{9B363901-75B7-46AA-9AF3-EE704BD29DB5}.Debug|Any CPU.Build.0 = Debug|Any CPU
		{9B363901-75B7-46AA-9AF3-EE704BD29DB5}.Debug|Mixed Platforms.ActiveCfg = Debug|Any CPU
		{9B363901-75B7-46AA-9AF3-EE704BD29DB5}.Debug|Mixed Platforms.Build.0 = Debug|Any CPU
		{9B363901-75B7-46AA-9AF3-EE704BD29DB5}.Debug|Win32.ActiveCfg = Debug|Any CPU
		{9B363901-75B7-46AA-9AF3-EE704BD29DB5}.Debug|Xbox 360.ActiveCfg = Debug|Any CPU
		{9B363901-75B7-46AA-9AF3-EE704BD29DB5}.Profile_FastCap|Any CPU.ActiveCfg = Release|Any CPU
		{9B363901-75B7-46AA-9AF3-EE704BD29DB5}.Profile_FastCap|Any CPU.Build.0 = Release|Any CPU
		{9B363901-75B7-46AA-9AF3-EE704BD29DB5}.Profile_FastCap|Mixed Platforms.ActiveCfg = Release|Any CPU
		{9B363901-75B7-46AA-9AF3-EE704BD29DB5}.Profile_FastCap|Mixed Platforms.Build.0 = Release|Any CPU
		{9B363901-75B7-46AA-9AF3-EE704BD29DB5}.Profile_FastCap|Win32.ActiveCfg = Release|Any CPU
		{9B363901-75B7-46AA-9AF3-EE704BD29DB5}.Profile_FastCap|Xbox 360.ActiveCfg = Release|Any CPU
		{9B363901-75B7-46AA-9AF3-EE704BD29DB5}.Profile|Any CPU.ActiveCfg = Release|Any CPU
		{9B363901-75B7-46AA-9AF3-EE704BD29DB5}.Profile|Any CPU.Build.0 = Release|Any CPU
		{9B363901-75B7-46AA-9AF3-EE704BD29DB5}.Profile|Mixed Platforms.ActiveCfg = Release|Any CPU
		{9B363901-75B7-46AA-9AF3-EE704BD29DB5}.Profile|Mixed Platforms.Build.0 = Release|Any CPU
		{9B363901-75B7-46AA-9AF3-EE704BD29DB5}.Profile|Win32.ActiveCfg = Release|Any CPU
		{9B363901-75B7-46AA-9AF3-EE704BD29DB5}.Profile|Xbox 360.ActiveCfg = Release|Any CPU
		{9B363901-75B7-46AA-9AF3-EE704BD29DB5}.Release_LTCG|Any CPU.ActiveCfg = Release|Any CPU
		{9B363901-75B7-46AA-9AF3-EE704BD29DB5}.Release_LTCG|Any CPU.Build.0 = Release|Any CPU
		{9B363901-75B7-46AA-9AF3-EE704BD29DB5}.Release_LTCG|Mixed Platforms.ActiveCfg = Release|Any CPU
		{9B363901-75B7-46AA-9AF3-EE704BD29DB5}.Release_LTCG|Mixed Platforms.Build.0 = Release|Any CPU
		{9B363901-75B7-46AA-9AF3-EE704BD29DB5}.Release_LTCG|Win32.ActiveCfg = Release|Any CPU
		{9B363901-75B7-46AA-9AF3-EE704BD29DB5}.Release_LTCG|Xbox 360.ActiveCfg = Release|Any CPU
		{9B363901-75B7-46AA-9AF3-EE704BD29DB5}.Release|Any CPU.ActiveCfg = Release|Any CPU
		{9B363901-75B7-46AA-9AF3-EE704BD29DB5}.Release|Any CPU.Build.0 = Release|Any CPU
		{9B363901-75B7-46AA-9AF3-EE704BD29DB5}.Release|Mixed Platforms.ActiveCfg = Release|Any CPU
		{9B363901-75B7-46AA-9AF3-EE704BD29DB5}.Release|Mixed Platforms.Build.0 = Release|Any CPU
		{9B363901-75B7-46AA-9AF3-EE704BD29DB5}.Release|Win32.ActiveCfg = Release|Any CPU
		{9B363901-75B7-46AA-9AF3-EE704BD29DB5}.Release|Xbox 360.ActiveCfg = Release|Any CPU
		{94503282-B126-4CC6-93AC-E167FACD372D}.CodeAnalysis|Any CPU.ActiveCfg = Release|Any CPU
		{94503282-B126-4CC6-93AC-E167FACD372D}.CodeAnalysis|Any CPU.Build.0 = Release|Any CPU
		{94503282-B126-4CC6-93AC-E167FACD372D}.CodeAnalysis|Mixed Platforms.ActiveCfg = Release|Any CPU
		{94503282-B126-4CC6-93AC-E167FACD372D}.CodeAnalysis|Mixed Platforms.Build.0 = Release|Any CPU
		{94503282-B126-4CC6-93AC-E167FACD372D}.CodeAnalysis|Win32.ActiveCfg = Release|Any CPU
		{94503282-B126-4CC6-93AC-E167FACD372D}.CodeAnalysis|Xbox 360.ActiveCfg = Release|Any CPU
		{94503282-B126-4CC6-93AC-E167FACD372D}.Debug|Any CPU.ActiveCfg = Debug|Any CPU
		{94503282-B126-4CC6-93AC-E167FACD372D}.Debug|Any CPU.Build.0 = Debug|Any CPU
		{94503282-B126-4CC6-93AC-E167FACD372D}.Debug|Mixed Platforms.ActiveCfg = Debug|Any CPU
		{94503282-B126-4CC6-93AC-E167FACD372D}.Debug|Mixed Platforms.Build.0 = Debug|Any CPU
		{94503282-B126-4CC6-93AC-E167FACD372D}.Debug|Win32.ActiveCfg = Debug|Any CPU
		{94503282-B126-4CC6-93AC-E167FACD372D}.Debug|Xbox 360.ActiveCfg = Debug|Any CPU
		{94503282-B126-4CC6-93AC-E167FACD372D}.Profile_FastCap|Any CPU.ActiveCfg = Release|Any CPU
		{94503282-B126-4CC6-93AC-E167FACD372D}.Profile_FastCap|Any CPU.Build.0 = Release|Any CPU
		{94503282-B126-4CC6-93AC-E167FACD372D}.Profile_FastCap|Mixed Platforms.ActiveCfg = Release|Any CPU
		{94503282-B126-4CC6-93AC-E167FACD372D}.Profile_FastCap|Mixed Platforms.Build.0 = Release|Any CPU
		{94503282-B126-4CC6-93AC-E167FACD372D}.Profile_FastCap|Win32.ActiveCfg = Release|Any CPU
		{94503282-B126-4CC6-93AC-E167FACD372D}.Profile_FastCap|Xbox 360.ActiveCfg = Release|Any CPU
		{94503282-B126-4CC6-93AC-E167FACD372D}.Profile|Any CPU.ActiveCfg = Release|Any CPU
		{94503282-B126-4CC6-93AC-E167FACD372D}.Profile|Any CPU.Build.0 = Release|Any CPU
		{94503282-B126-4CC6-93AC-E167FACD372D}.Profile|Mixed Platforms.ActiveCfg = Release|Any CPU
		{94503282-B126-4CC6-93AC-E167FACD372D}.Profile|Mixed Platforms.Build.0 = Release|Any CPU
		{94503282-B126-4CC6-93AC-E167FACD372D}.Profile|Win32.ActiveCfg = Release|Any CPU
		{94503282-B126-4CC6-93AC-E167FACD372D}.Profile|Xbox 360.ActiveCfg = Release|Any CPU
		{94503282-B126-4CC6-93AC-E167FACD372D}.Release_LTCG|Any CPU.ActiveCfg = Release|Any CPU
		{94503282-B126-4CC6-93AC-E167FACD372D}.Release_LTCG|Any CPU.Build.0 = Release|Any CPU
		{94503282-B126-4CC6-93AC-E167FACD372D}.Release_LTCG|Mixed Platforms.ActiveCfg = Release|Any CPU
		{94503282-B126-4CC6-93AC-E167FACD372D}.Release_LTCG|Mixed Platforms.Build.0 = Release|Any CPU
		{94503282-B126-4CC6-93AC-E167FACD372D}.Release_LTCG|Win32.ActiveCfg = Release|Any CPU
		{94503282-B126-4CC6-93AC-E167FACD372D}.Release_LTCG|Xbox 360.ActiveCfg = Release|Any CPU
		{94503282-B126-4CC6-93AC-E167FACD372D}.Release|Any CPU.ActiveCfg = Release|Any CPU
		{94503282-B126-4CC6-93AC-E167FACD372D}.Release|Any CPU.Build.0 = Release|Any CPU
		{94503282-B126-4CC6-93AC-E167FACD372D}.Release|Mixed Platforms.ActiveCfg = Release|Any CPU
		{94503282-B126-4CC6-93AC-E167FACD372D}.Release|Mixed Platforms.Build.0 = Release|Any CPU
		{94503282-B126-4CC6-93AC-E167FACD372D}.Release|Win32.ActiveCfg = Release|Any CPU
		{94503282-B126-4CC6-93AC-E167FACD372D}.Release|Xbox 360.ActiveCfg = Release|Any CPU
		{3A9037B1-35C4-42F1-A229-2A6D969A6148}.CodeAnalysis|Any CPU.ActiveCfg = CodeAnalysis|Xbox 360
		{3A9037B1-35C4-42F1-A229-2A6D969A6148}.CodeAnalysis|Mixed Platforms.ActiveCfg = CodeAnalysis|Xbox 360
		{3A9037B1-35C4-42F1-A229-2A6D969A6148}.CodeAnalysis|Mixed Platforms.Build.0 = CodeAnalysis|Xbox 360
		{3A9037B1-35C4-42F1-A229-2A6D969A6148}.CodeAnalysis|Mixed Platforms.Deploy.0 = CodeAnalysis|Xbox 360
		{3A9037B1-35C4-42F1-A229-2A6D969A6148}.CodeAnalysis|Win32.ActiveCfg = CodeAnalysis|Xbox 360
		{3A9037B1-35C4-42F1-A229-2A6D969A6148}.CodeAnalysis|Xbox 360.ActiveCfg = CodeAnalysis|Xbox 360
		{3A9037B1-35C4-42F1-A229-2A6D969A6148}.CodeAnalysis|Xbox 360.Build.0 = CodeAnalysis|Xbox 360
		{3A9037B1-35C4-42F1-A229-2A6D969A6148}.CodeAnalysis|Xbox 360.Deploy.0 = CodeAnalysis|Xbox 360
		{3A9037B1-35C4-42F1-A229-2A6D969A6148}.Debug|Any CPU.ActiveCfg = Debug|Xbox 360
		{3A9037B1-35C4-42F1-A229-2A6D969A6148}.Debug|Mixed Platforms.ActiveCfg = Debug|Xbox 360
		{3A9037B1-35C4-42F1-A229-2A6D969A6148}.Debug|Mixed Platforms.Build.0 = Debug|Xbox 360
		{3A9037B1-35C4-42F1-A229-2A6D969A6148}.Debug|Win32.ActiveCfg = Debug|Xbox 360
		{3A9037B1-35C4-42F1-A229-2A6D969A6148}.Debug|Xbox 360.ActiveCfg = Debug|Xbox 360
		{3A9037B1-35C4-42F1-A229-2A6D969A6148}.Debug|Xbox 360.Build.0 = Debug|Xbox 360
		{3A9037B1-35C4-42F1-A229-2A6D969A6148}.Debug|Xbox 360.Deploy.0 = Debug|Xbox 360
		{3A9037B1-35C4-42F1-A229-2A6D969A6148}.Profile_FastCap|Any CPU.ActiveCfg = Profile_FastCap|Xbox 360
		{3A9037B1-35C4-42F1-A229-2A6D969A6148}.Profile_FastCap|Mixed Platforms.ActiveCfg = Profile_FastCap|Xbox 360
		{3A9037B1-35C4-42F1-A229-2A6D969A6148}.Profile_FastCap|Mixed Platforms.Build.0 = Profile_FastCap|Xbox 360
		{3A9037B1-35C4-42F1-A229-2A6D969A6148}.Profile_FastCap|Mixed Platforms.Deploy.0 = Profile_FastCap|Xbox 360
		{3A9037B1-35C4-42F1-A229-2A6D969A6148}.Profile_FastCap|Win32.ActiveCfg = Profile_FastCap|Xbox 360
		{3A9037B1-35C4-42F1-A229-2A6D969A6148}.Profile_FastCap|Xbox 360.ActiveCfg = Profile_FastCap|Xbox 360
		{3A9037B1-35C4-42F1-A229-2A6D969A6148}.Profile_FastCap|Xbox 360.Build.0 = Profile_FastCap|Xbox 360
		{3A9037B1-35C4-42F1-A229-2A6D969A6148}.Profile_FastCap|Xbox 360.Deploy.0 = Profile_FastCap|Xbox 360
		{3A9037B1-35C4-42F1-A229-2A6D969A6148}.Profile|Any CPU.ActiveCfg = Profile|Xbox 360
		{3A9037B1-35C4-42F1-A229-2A6D969A6148}.Profile|Mixed Platforms.ActiveCfg = Profile|Xbox 360
		{3A9037B1-35C4-42F1-A229-2A6D969A6148}.Profile|Mixed Platforms.Build.0 = Profile|Xbox 360
		{3A9037B1-35C4-42F1-A229-2A6D969A6148}.Profile|Mixed Platforms.Deploy.0 = Profile|Xbox 360
		{3A9037B1-35C4-42F1-A229-2A6D969A6148}.Profile|Win32.ActiveCfg = Profile|Xbox 360
		{3A9037B1-35C4-42F1-A229-2A6D969A6148}.Profile|Xbox 360.ActiveCfg = Profile|Xbox 360
		{3A9037B1-35C4-42F1-A229-2A6D969A6148}.Profile|Xbox 360.Build.0 = Profile|Xbox 360
		{3A9037B1-35C4-42F1-A229-2A6D969A6148}.Profile|Xbox 360.Deploy.0 = Profile|Xbox 360
		{3A9037B1-35C4-42F1-A229-2A6D969A6148}.Release_LTCG|Any CPU.ActiveCfg = Release_LTCG|Xbox 360
		{3A9037B1-35C4-42F1-A229-2A6D969A6148}.Release_LTCG|Mixed Platforms.ActiveCfg = Release_LTCG|Xbox 360
		{3A9037B1-35C4-42F1-A229-2A6D969A6148}.Release_LTCG|Mixed Platforms.Build.0 = Release_LTCG|Xbox 360
		{3A9037B1-35C4-42F1-A229-2A6D969A6148}.Release_LTCG|Mixed Platforms.Deploy.0 = Release_LTCG|Xbox 360
		{3A9037B1-35C4-42F1-A229-2A6D969A6148}.Release_LTCG|Win32.ActiveCfg = Release_LTCG|Xbox 360
		{3A9037B1-35C4-42F1-A229-2A6D969A6148}.Release_LTCG|Xbox 360.ActiveCfg = Release_LTCG|Xbox 360
		{3A9037B1-35C4-42F1-A229-2A6D969A6148}.Release_LTCG|Xbox 360.Build.0 = Release_LTCG|Xbox 360
		{3A9037B1-35C4-42F1-A229-2A6D969A6148}.Release_LTCG|Xbox 360.Deploy.0 = Release_LTCG|Xbox 360
		{3A9037B1-35C4-42F1-A229-2A6D969A6148}.Release|Any CPU.ActiveCfg = Release|Xbox 360
		{3A9037B1-35C4-42F1-A229-2A6D969A6148}.Release|Mixed Platforms.ActiveCfg = Release|Xbox 360
		{3A9037B1-35C4-42F1-A229-2A6D969A6148}.Release|Mixed Platforms.Build.0 = Release|Xbox 360
		{3A9037B1-35C4-42F1-A229-2A6D969A6148}.Release|Mixed Platforms.Deploy.0 = Release|Xbox 360
		{3A9037B1-35C4-42F1-A229-2A6D969A6148}.Release|Win32.ActiveCfg = Release|Xbox 360
		{3A9037B1-35C4-42F1-A229-2A6D969A6148}.Release|Xbox 360.ActiveCfg = Release|Xbox 360
		{3A9037B1-35C4-42F1-A229-2A6D969A6148}.Release|Xbox 360.Build.0 = Release|Xbox 360
		{3A9037B1-35C4-42F1-A229-2A6D969A6148}.Release|Xbox 360.Deploy.0 = Release|Xbox 360
		{8D4B6462-0124-445F-80BB-3E53999C15A6}.CodeAnalysis|Any CPU.ActiveCfg = Release|Any CPU
		{8D4B6462-0124-445F-80BB-3E53999C15A6}.CodeAnalysis|Any CPU.Build.0 = Release|Any CPU
		{8D4B6462-0124-445F-80BB-3E53999C15A6}.CodeAnalysis|Mixed Platforms.ActiveCfg = Release|Any CPU
		{8D4B6462-0124-445F-80BB-3E53999C15A6}.CodeAnalysis|Mixed Platforms.Build.0 = Release|Any CPU
		{8D4B6462-0124-445F-80BB-3E53999C15A6}.CodeAnalysis|Win32.ActiveCfg = Release|Any CPU
		{8D4B6462-0124-445F-80BB-3E53999C15A6}.CodeAnalysis|Xbox 360.ActiveCfg = Release|Any CPU
		{8D4B6462-0124-445F-80BB-3E53999C15A6}.Debug|Any CPU.ActiveCfg = Debug|Any CPU
		{8D4B6462-0124-445F-80BB-3E53999C15A6}.Debug|Any CPU.Build.0 = Debug|Any CPU
		{8D4B6462-0124-445F-80BB-3E53999C15A6}.Debug|Mixed Platforms.ActiveCfg = Debug|Any CPU
		{8D4B6462-0124-445F-80BB-3E53999C15A6}.Debug|Mixed Platforms.Build.0 = Debug|Any CPU
		{8D4B6462-0124-445F-80BB-3E53999C15A6}.Debug|Win32.ActiveCfg = Debug|Any CPU
		{8D4B6462-0124-445F-80BB-3E53999C15A6}.Debug|Xbox 360.ActiveCfg = Debug|Any CPU
		{8D4B6462-0124-445F-80BB-3E53999C15A6}.Profile_FastCap|Any CPU.ActiveCfg = Release|Any CPU
		{8D4B6462-0124-445F-80BB-3E53999C15A6}.Profile_FastCap|Any CPU.Build.0 = Release|Any CPU
		{8D4B6462-0124-445F-80BB-3E53999C15A6}.Profile_FastCap|Mixed Platforms.ActiveCfg = Release|Any CPU
		{8D4B6462-0124-445F-80BB-3E53999C15A6}.Profile_FastCap|Mixed Platforms.Build.0 = Release|Any CPU
		{8D4B6462-0124-445F-80BB-3E53999C15A6}.Profile_FastCap|Win32.ActiveCfg = Release|Any CPU
		{8D4B6462-0124-445F-80BB-3E53999C15A6}.Profile_FastCap|Xbox 360.ActiveCfg = Release|Any CPU
		{8D4B6462-0124-445F-80BB-3E53999C15A6}.Profile|Any CPU.ActiveCfg = Release|Any CPU
		{8D4B6462-0124-445F-80BB-3E53999C15A6}.Profile|Any CPU.Build.0 = Release|Any CPU
		{8D4B6462-0124-445F-80BB-3E53999C15A6}.Profile|Mixed Platforms.ActiveCfg = Release|Any CPU
		{8D4B6462-0124-445F-80BB-3E53999C15A6}.Profile|Mixed Platforms.Build.0 = Release|Any CPU
		{8D4B6462-0124-445F-80BB-3E53999C15A6}.Profile|Win32.ActiveCfg = Release|Any CPU
		{8D4B6462-0124-445F-80BB-3E53999C15A6}.Profile|Xbox 360.ActiveCfg = Release|Any CPU
		{8D4B6462-0124-445F-80BB-3E53999C15A6}.Release_LTCG|Any CPU.ActiveCfg = Release|Any CPU
		{8D4B6462-0124-445F-80BB-3E53999C15A6}.Release_LTCG|Any CPU.Build.0 = Release|Any CPU
		{8D4B6462-0124-445F-80BB-3E53999C15A6}.Release_LTCG|Mixed Platforms.ActiveCfg = Release|Any CPU
		{8D4B6462-0124-445F-80BB-3E53999C15A6}.Release_LTCG|Mixed Platforms.Build.0 = Release|Any CPU
		{8D4B6462-0124-445F-80BB-3E53999C15A6}.Release_LTCG|Win32.ActiveCfg = Release|Any CPU
		{8D4B6462-0124-445F-80BB-3E53999C15A6}.Release_LTCG|Xbox 360.ActiveCfg = Release|Any CPU
		{8D4B6462-0124-445F-80BB-3E53999C15A6}.Release|Any CPU.ActiveCfg = Release|Any CPU
		{8D4B6462-0124-445F-80BB-3E53999C15A6}.Release|Any CPU.Build.0 = Release|Any CPU
		{8D4B6462-0124-445F-80BB-3E53999C15A6}.Release|Mixed Platforms.ActiveCfg = Release|Any CPU
		{8D4B6462-0124-445F-80BB-3E53999C15A6}.Release|Mixed Platforms.Build.0 = Release|Any CPU
		{8D4B6462-0124-445F-80BB-3E53999C15A6}.Release|Win32.ActiveCfg = Release|Any CPU
		{8D4B6462-0124-445F-80BB-3E53999C15A6}.Release|Xbox 360.ActiveCfg = Release|Any CPU
		{35BD0A96-D62D-4AC8-AAA9-A6B0A2BBE456}.CodeAnalysis|Any CPU.ActiveCfg = Release|Any CPU
		{35BD0A96-D62D-4AC8-AAA9-A6B0A2BBE456}.CodeAnalysis|Any CPU.Build.0 = Release|Any CPU
		{35BD0A96-D62D-4AC8-AAA9-A6B0A2BBE456}.CodeAnalysis|Mixed Platforms.ActiveCfg = Release|Any CPU
		{35BD0A96-D62D-4AC8-AAA9-A6B0A2BBE456}.CodeAnalysis|Mixed Platforms.Build.0 = Release|Any CPU
		{35BD0A96-D62D-4AC8-AAA9-A6B0A2BBE456}.CodeAnalysis|Win32.ActiveCfg = Release|Any CPU
		{35BD0A96-D62D-4AC8-AAA9-A6B0A2BBE456}.CodeAnalysis|Xbox 360.ActiveCfg = Release|Any CPU
		{35BD0A96-D62D-4AC8-AAA9-A6B0A2BBE456}.Debug|Any CPU.ActiveCfg = Debug|Any CPU
		{35BD0A96-D62D-4AC8-AAA9-A6B0A2BBE456}.Debug|Any CPU.Build.0 = Debug|Any CPU
		{35BD0A96-D62D-4AC8-AAA9-A6B0A2BBE456}.Debug|Mixed Platforms.ActiveCfg = Debug|Any CPU
		{35BD0A96-D62D-4AC8-AAA9-A6B0A2BBE456}.Debug|Mixed Platforms.Build.0 = Debug|Any CPU
		{35BD0A96-D62D-4AC8-AAA9-A6B0A2BBE456}.Debug|Win32.ActiveCfg = Debug|Any CPU
		{35BD0A96-D62D-4AC8-AAA9-A6B0A2BBE456}.Debug|Xbox 360.ActiveCfg = Debug|Any CPU
		{35BD0A96-D62D-4AC8-AAA9-A6B0A2BBE456}.Profile_FastCap|Any CPU.ActiveCfg = Release|Any CPU
		{35BD0A96-D62D-4AC8-AAA9-A6B0A2BBE456}.Profile_FastCap|Any CPU.Build.0 = Release|Any CPU
		{35BD0A96-D62D-4AC8-AAA9-A6B0A2BBE456}.Profile_FastCap|Mixed Platforms.ActiveCfg = Release|Any CPU
		{35BD0A96-D62D-4AC8-AAA9-A6B0A2BBE456}.Profile_FastCap|Mixed Platforms.Build.0 = Release|Any CPU
		{35BD0A96-D62D-4AC8-AAA9-A6B0A2BBE456}.Profile_FastCap|Win32.ActiveCfg = Release|Any CPU
		{35BD0A96-D62D-4AC8-AAA9-A6B0A2BBE456}.Profile_FastCap|Xbox 360.ActiveCfg = Release|Any CPU
		{35BD0A96-D62D-4AC8-AAA9-A6B0A2BBE456}.Profile|Any CPU.ActiveCfg = Release|Any CPU
		{35BD0A96-D62D-4AC8-AAA9-A6B0A2BBE456}.Profile|Any CPU.Build.0 = Release|Any CPU
		{35BD0A96-D62D-4AC8-AAA9-A6B0A2BBE456}.Profile|Mixed Platforms.ActiveCfg = Release|Any CPU
		{35BD0A96-D62D-4AC8-AAA9-A6B0A2BBE456}.Profile|Mixed Platforms.Build.0 = Release|Any CPU
		{35BD0A96-D62D-4AC8-AAA9-A6B0A2BBE456}.Profile|Win32.ActiveCfg = Release|Any CPU
		{35BD0A96-D62D-4AC8-AAA9-A6B0A2BBE456}.Profile|Xbox 360.ActiveCfg = Release|Any CPU
		{35BD0A96-D62D-4AC8-AAA9-A6B0A2BBE456}.Release_LTCG|Any CPU.ActiveCfg = Release|Any CPU
		{35BD0A96-D62D-4AC8-AAA9-A6B0A2BBE456}.Release_LTCG|Any CPU.Build.0 = Release|Any CPU
		{35BD0A96-D62D-4AC8-AAA9-A6B0A2BBE456}.Release_LTCG|Mixed Platforms.ActiveCfg = Release|Any CPU
		{35BD0A96-D62D-4AC8-AAA9-A6B0A2BBE456}.Release_LTCG|Mixed Platforms.Build.0 = Release|Any CPU
		{35BD0A96-D62D-4AC8-AAA9-A6B0A2BBE456}.Release_LTCG|Win32.ActiveCfg = Release|Any CPU
		{35BD0A96-D62D-4AC8-AAA9-A6B0A2BBE456}.Release_LTCG|Xbox 360.ActiveCfg = Release|Any CPU
		{35BD0A96-D62D-4AC8-AAA9-A6B0A2BBE456}.Release|Any CPU.ActiveCfg = Release|Any CPU
		{35BD0A96-D62D-4AC8-AAA9-A6B0A2BBE456}.Release|Any CPU.Build.0 = Release|Any CPU
		{35BD0A96-D62D-4AC8-AAA9-A6B0A2BBE456}.Release|Mixed Platforms.ActiveCfg = Release|Any CPU
		{35BD0A96-D62D-4AC8-AAA9-A6B0A2BBE456}.Release|Mixed Platforms.Build.0 = Release|Any CPU
		{35BD0A96-D62D-4AC8-AAA9-A6B0A2BBE456}.Release|Win32.ActiveCfg = Release|Any CPU
		{35BD0A96-D62D-4AC8-AAA9-A6B0A2BBE456}.Release|Xbox 360.ActiveCfg = Release|Any CPU
		{B2C7C2B5-372A-4A62-882D-5C54186B4AA5}.CodeAnalysis|Any CPU.ActiveCfg = Release|Any CPU
		{B2C7C2B5-372A-4A62-882D-5C54186B4AA5}.CodeAnalysis|Any CPU.Build.0 = Release|Any CPU
		{B2C7C2B5-372A-4A62-882D-5C54186B4AA5}.CodeAnalysis|Mixed Platforms.ActiveCfg = Release|Any CPU
		{B2C7C2B5-372A-4A62-882D-5C54186B4AA5}.CodeAnalysis|Mixed Platforms.Build.0 = Release|Any CPU
		{B2C7C2B5-372A-4A62-882D-5C54186B4AA5}.CodeAnalysis|Win32.ActiveCfg = Release|Any CPU
		{B2C7C2B5-372A-4A62-882D-5C54186B4AA5}.CodeAnalysis|Xbox 360.ActiveCfg = Release|Any CPU
		{B2C7C2B5-372A-4A62-882D-5C54186B4AA5}.Debug|Any CPU.ActiveCfg = Debug|Any CPU
		{B2C7C2B5-372A-4A62-882D-5C54186B4AA5}.Debug|Any CPU.Build.0 = Debug|Any CPU
		{B2C7C2B5-372A-4A62-882D-5C54186B4AA5}.Debug|Mixed Platforms.ActiveCfg = Debug|Any CPU
		{B2C7C2B5-372A-4A62-882D-5C54186B4AA5}.Debug|Mixed Platforms.Build.0 = Debug|Any CPU
		{B2C7C2B5-372A-4A62-882D-5C54186B4AA5}.Debug|Win32.ActiveCfg = Debug|Any CPU
		{B2C7C2B5-372A-4A62-882D-5C54186B4AA5}.Debug|Xbox 360.ActiveCfg = Debug|Any CPU
		{B2C7C2B5-372A-4A62-882D-5C54186B4AA5}.Profile_FastCap|Any CPU.ActiveCfg = Release|Any CPU
		{B2C7C2B5-372A-4A62-882D-5C54186B4AA5}.Profile_FastCap|Any CPU.Build.0 = Release|Any CPU
		{B2C7C2B5-372A-4A62-882D-5C54186B4AA5}.Profile_FastCap|Mixed Platforms.ActiveCfg = Release|Any CPU
		{B2C7C2B5-372A-4A62-882D-5C54186B4AA5}.Profile_FastCap|Mixed Platforms.Build.0 = Release|Any CPU
		{B2C7C2B5-372A-4A62-882D-5C54186B4AA5}.Profile_FastCap|Win32.ActiveCfg = Release|Any CPU
		{B2C7C2B5-372A-4A62-882D-5C54186B4AA5}.Profile_FastCap|Xbox 360.ActiveCfg = Release|Any CPU
		{B2C7C2B5-372A-4A62-882D-5C54186B4AA5}.Profile|Any CPU.ActiveCfg = Release|Any CPU
		{B2C7C2B5-372A-4A62-882D-5C54186B4AA5}.Profile|Any CPU.Build.0 = Release|Any CPU
		{B2C7C2B5-372A-4A62-882D-5C54186B4AA5}.Profile|Mixed Platforms.ActiveCfg = Release|Any CPU
		{B2C7C2B5-372A-4A62-882D-5C54186B4AA5}.Profile|Mixed Platforms.Build.0 = Release|Any CPU
		{B2C7C2B5-372A-4A62-882D-5C54186B4AA5}.Profile|Win32.ActiveCfg = Release|Any CPU
		{B2C7C2B5-372A-4A62-882D-5C54186B4AA5}.Profile|Xbox 360.ActiveCfg = Release|Any CPU
		{B2C7C2B5-372A-4A62-882D-5C54186B4AA5}.Release_LTCG|Any CPU.ActiveCfg = Release|Any CPU
		{B2C7C2B5-372A-4A62-882D-5C54186B4AA5}.Release_LTCG|Any CPU.Build.0 = Release|Any CPU
		{B2C7C2B5-372A-4A62-882D-5C54186B4AA5}.Release_LTCG|Mixed Platforms.ActiveCfg = Release|Any CPU
		{B2C7C2B5-372A-4A62-882D-5C54186B4AA5}.Release_LTCG|Mixed Platforms.Build.0 = Release|Any CPU
		{B2C7C2B5-372A-4A62-882D-5C54186B4AA5}.Release_LTCG|Win32.ActiveCfg = Release|Any CPU
		{B2C7C2B5-372A-4A62-882D-5C54186B4AA5}.Release_LTCG|Xbox 360.ActiveCfg = Release|Any CPU
		{B2C7C2B5-372A-4A62-882D-5C54186B4AA5}.Release|Any CPU.ActiveCfg = Release|Any CPU
		{B2C7C2B5-372A-4A62-882D-5C54186B4AA5}.Release|Any CPU.Build.0 = Release|Any CPU
		{B2C7C2B5-372A-4A62-882D-5C54186B4AA5}.Release|Mixed Platforms.ActiveCfg = Release|Any CPU
		{B2C7C2B5-372A-4A62-882D-5C54186B4AA5}.Release|Mixed Platforms.Build.0 = Release|Any CPU
		{B2C7C2B5-372A-4A62-882D-5C54186B4AA5}.Release|Win32.ActiveCfg = Release|Any CPU
		{B2C7C2B5-372A-4A62-882D-5C54186B4AA5}.Release|Xbox 360.ActiveCfg = Release|Any CPU
		{C667AFB7-B589-4D6A-BAA8-3E1495463C93}.CodeAnalysis|Any CPU.ActiveCfg = Release|Any CPU
		{C667AFB7-B589-4D6A-BAA8-3E1495463C93}.CodeAnalysis|Any CPU.Build.0 = Release|Any CPU
		{C667AFB7-B589-4D6A-BAA8-3E1495463C93}.CodeAnalysis|Mixed Platforms.ActiveCfg = Release|Any CPU
		{C667AFB7-B589-4D6A-BAA8-3E1495463C93}.CodeAnalysis|Mixed Platforms.Build.0 = Release|Any CPU
		{C667AFB7-B589-4D6A-BAA8-3E1495463C93}.CodeAnalysis|Win32.ActiveCfg = Release|Any CPU
		{C667AFB7-B589-4D6A-BAA8-3E1495463C93}.CodeAnalysis|Xbox 360.ActiveCfg = Release|Any CPU
		{C667AFB7-B589-4D6A-BAA8-3E1495463C93}.Debug|Any CPU.ActiveCfg = Debug|Any CPU
		{C667AFB7-B589-4D6A-BAA8-3E1495463C93}.Debug|Any CPU.Build.0 = Debug|Any CPU
		{C667AFB7-B589-4D6A-BAA8-3E1495463C93}.Debug|Mixed Platforms.ActiveCfg = Debug|Any CPU
		{C667AFB7-B589-4D6A-BAA8-3E1495463C93}.Debug|Mixed Platforms.Build.0 = Debug|Any CPU
		{C667AFB7-B589-4D6A-BAA8-3E1495463C93}.Debug|Win32.ActiveCfg = Debug|Any CPU
		{C667AFB7-B589-4D6A-BAA8-3E1495463C93}.Debug|Xbox 360.ActiveCfg = Debug|Any CPU
		{C667AFB7-B589-4D6A-BAA8-3E1495463C93}.Profile_FastCap|Any CPU.ActiveCfg = Release|Any CPU
		{C667AFB7-B589-4D6A-BAA8-3E1495463C93}.Profile_FastCap|Any CPU.Build.0 = Release|Any CPU
		{C667AFB7-B589-4D6A-BAA8-3E1495463C93}.Profile_FastCap|Mixed Platforms.ActiveCfg = Release|Any CPU
		{C667AFB7-B589-4D6A-BAA8-3E1495463C93}.Profile_FastCap|Mixed Platforms.Build.0 = Release|Any CPU
		{C667AFB7-B589-4D6A-BAA8-3E1495463C93}.Profile_FastCap|Win32.ActiveCfg = Release|Any CPU
		{C667AFB7-B589-4D6A-BAA8-3E1495463C93}.Profile_FastCap|Xbox 360.ActiveCfg = Release|Any CPU
		{C667AFB7-B589-4D6A-BAA8-3E1495463C93}.Profile|Any CPU.ActiveCfg = Release|Any CPU
		{C667AFB7-B589-4D6A-BAA8-3E1495463C93}.Profile|Any CPU.Build.0 = Release|Any CPU
		{C667AFB7-B589-4D6A-BAA8-3E1495463C93}.Profile|Mixed Platforms.ActiveCfg = Release|Any CPU
		{C667AFB7-B589-4D6A-BAA8-3E1495463C93}.Profile|Mixed Platforms.Build.0 = Release|Any CPU
		{C667AFB7-B589-4D6A-BAA8-3E1495463C93}.Profile|Win32.ActiveCfg = Release|Any CPU
		{C667AFB7-B589-4D6A-BAA8-3E1495463C93}.Profile|Xbox 360.ActiveCfg = Release|Any CPU
		{C667AFB7-B589-4D6A-BAA8-3E1495463C93}.Release_LTCG|Any CPU.ActiveCfg = Release|Any CPU
		{C667AFB7-B589-4D6A-BAA8-3E1495463C93}.Release_LTCG|Any CPU.Build.0 = Release|Any CPU
		{C667AFB7-B589-4D6A-BAA8-3E1495463C93}.Release_LTCG|Mixed Platforms.ActiveCfg = Release|Any CPU
		{C667AFB7-B589-4D6A-BAA8-3E1495463C93}.Release_LTCG|Mixed Platforms.Build.0 = Release|Any CPU
		{C667AFB7-B589-4D6A-BAA8-3E1495463C93}.Release_LTCG|Win32.ActiveCfg = Release|Any CPU
		{C667AFB7-B589-4D6A-BAA8-3E1495463C93}.Release_LTCG|Xbox 360.ActiveCfg = Release|Any CPU
		{C667AFB7-B589-4D6A-BAA8-3E1495463C93}.Release|Any CPU.ActiveCfg = Release|Any CPU
		{C667AFB7-B589-4D6A-BAA8-3E1495463C93}.Release|Any CPU.Build.0 = Release|Any CPU
		{C667AFB7-B589-4D6A-BAA8-3E1495463C93}.Release|Mixed Platforms.ActiveCfg = Release|Any CPU
		{C667AFB7-B589-4D6A-BAA8-3E1495463C93}.Release|Mixed Platforms.Build.0 = Release|Any CPU
		{C667AFB7-B589-4D6A-BAA8-3E1495463C93}.Release|Win32.ActiveCfg = Release|Any CPU
		{C667AFB7-B589-4D6A-BAA8-3E1495463C93}.Release|Xbox 360.ActiveCfg = Release|Any CPU
		{FC12F3B0-2FED-4063-A348-91F7C9FF4901}.CodeAnalysis|Any CPU.ActiveCfg = Release|Any CPU
		{FC12F3B0-2FED-4063-A348-91F7C9FF4901}.CodeAnalysis|Any CPU.Build.0 = Release|Any CPU
		{FC12F3B0-2FED-4063-A348-91F7C9FF4901}.CodeAnalysis|Mixed Platforms.ActiveCfg = Release|Any CPU
		{FC12F3B0-2FED-4063-A348-91F7C9FF4901}.CodeAnalysis|Mixed Platforms.Build.0 = Release|Any CPU
		{FC12F3B0-2FED-4063-A348-91F7C9FF4901}.CodeAnalysis|Win32.ActiveCfg = Release|Any CPU
		{FC12F3B0-2FED-4063-A348-91F7C9FF4901}.CodeAnalysis|Xbox 360.ActiveCfg = Release|Any CPU
		{FC12F3B0-2FED-4063-A348-91F7C9FF4901}.Debug|Any CPU.ActiveCfg = Debug|Any CPU
		{FC12F3B0-2FED-4063-A348-91F7C9FF4901}.Debug|Any CPU.Build.0 = Debug|Any CPU
		{FC12F3B0-2FED-4063-A348-91F7C9FF4901}.Debug|Mixed Platforms.ActiveCfg = Debug|Any CPU
		{FC12F3B0-2FED-4063-A348-91F7C9FF4901}.Debug|Mixed Platforms.Build.0 = Debug|Any CPU
		{FC12F3B0-2FED-4063-A348-91F7C9FF4901}.Debug|Win32.ActiveCfg = Debug|Any CPU
		{FC12F3B0-2FED-4063-A348-91F7C9FF4901}.Debug|Xbox 360.ActiveCfg = Debug|Any CPU
		{FC12F3B0-2FED-4063-A348-91F7C9FF4901}.Profile_FastCap|Any CPU.ActiveCfg = Release|Any CPU
		{FC12F3B0-2FED-4063-A348-91F7C9FF4901}.Profile_FastCap|Any CPU.Build.0 = Release|Any CPU
		{FC12F3B0-2FED-4063-A348-91F7C9FF4901}.Profile_FastCap|Mixed Platforms.ActiveCfg = Release|Any CPU
		{FC12F3B0-2FED-4063-A348-91F7C9FF4901}.Profile_FastCap|Mixed Platforms.Build.0 = Release|Any CPU
		{FC12F3B0-2FED-4063-A348-91F7C9FF4901}.Profile_FastCap|Win32.ActiveCfg = Release|Any CPU
		{FC12F3B0-2FED-4063-A348-91F7C9FF4901}.Profile_FastCap|Xbox 360.ActiveCfg = Release|Any CPU
		{FC12F3B0-2FED-4063-A348-91F7C9FF4901}.Profile|Any CPU.ActiveCfg = Release|Any CPU
		{FC12F3B0-2FED-4063-A348-91F7C9FF4901}.Profile|Any CPU.Build.0 = Release|Any CPU
		{FC12F3B0-2FED-4063-A348-91F7C9FF4901}.Profile|Mixed Platforms.ActiveCfg = Release|Any CPU
		{FC12F3B0-2FED-4063-A348-91F7C9FF4901}.Profile|Mixed Platforms.Build.0 = Release|Any CPU
		{FC12F3B0-2FED-4063-A348-91F7C9FF4901}.Profile|Win32.ActiveCfg = Release|Any CPU
		{FC12F3B0-2FED-4063-A348-91F7C9FF4901}.Profile|Xbox 360.ActiveCfg = Release|Any CPU
		{FC12F3B0-2FED-4063-A348-91F7C9FF4901}.Release_LTCG|Any CPU.ActiveCfg = Release|Any CPU
		{FC12F3B0-2FED-4063-A348-91F7C9FF4901}.Release_LTCG|Any CPU.Build.0 = Release|Any CPU
		{FC12F3B0-2FED-4063-A348-91F7C9FF4901}.Release_LTCG|Mixed Platforms.ActiveCfg = Release|Any CPU
		{FC12F3B0-2FED-4063-A348-91F7C9FF4901}.Release_LTCG|Mixed Platforms.Build.0 = Release|Any CPU
		{FC12F3B0-2FED-4063-A348-91F7C9FF4901}.Release_LTCG|Win32.ActiveCfg = Release|Any CPU
		{FC12F3B0-2FED-4063-A348-91F7C9FF4901}.Release_LTCG|Xbox 360.ActiveCfg = Release|Any CPU
		{FC12F3B0-2FED-4063-A348-91F7C9FF4901}.Release|Any CPU.ActiveCfg = Release|Any CPU
		{FC12F3B0-2FED-4063-A348-91F7C9FF4901}.Release|Any CPU.Build.0 = Release|Any CPU
		{FC12F3B0-2FED-4063-A348-91F7C9FF4901}.Release|Mixed Platforms.ActiveCfg = Release|Any CPU
		{FC12F3B0-2FED-4063-A348-91F7C9FF4901}.Release|Mixed Platforms.Build.0 = Release|Any CPU
		{FC12F3B0-2FED-4063-A348-91F7C9FF4901}.Release|Win32.ActiveCfg = Release|Any CPU
		{FC12F3B0-2FED-4063-A348-91F7C9FF4901}.Release|Xbox 360.ActiveCfg = Release|Any CPU
		{1D878D75-AE9C-4C86-84E8-E423F260B3FC}.CodeAnalysis|Any CPU.ActiveCfg = Release|Any CPU
		{1D878D75-AE9C-4C86-84E8-E423F260B3FC}.CodeAnalysis|Any CPU.Build.0 = Release|Any CPU
		{1D878D75-AE9C-4C86-84E8-E423F260B3FC}.CodeAnalysis|Mixed Platforms.ActiveCfg = Release|Any CPU
		{1D878D75-AE9C-4C86-84E8-E423F260B3FC}.CodeAnalysis|Mixed Platforms.Build.0 = Release|Any CPU
		{1D878D75-AE9C-4C86-84E8-E423F260B3FC}.CodeAnalysis|Win32.ActiveCfg = Release|Any CPU
		{1D878D75-AE9C-4C86-84E8-E423F260B3FC}.CodeAnalysis|Xbox 360.ActiveCfg = Release|Any CPU
		{1D878D75-AE9C-4C86-84E8-E423F260B3FC}.Debug|Any CPU.ActiveCfg = Debug|Any CPU
		{1D878D75-AE9C-4C86-84E8-E423F260B3FC}.Debug|Any CPU.Build.0 = Debug|Any CPU
		{1D878D75-AE9C-4C86-84E8-E423F260B3FC}.Debug|Mixed Platforms.ActiveCfg = Debug|Any CPU
		{1D878D75-AE9C-4C86-84E8-E423F260B3FC}.Debug|Mixed Platforms.Build.0 = Debug|Any CPU
		{1D878D75-AE9C-4C86-84E8-E423F260B3FC}.Debug|Win32.ActiveCfg = Debug|Any CPU
		{1D878D75-AE9C-4C86-84E8-E423F260B3FC}.Debug|Xbox 360.ActiveCfg = Debug|Any CPU
		{1D878D75-AE9C-4C86-84E8-E423F260B3FC}.Profile_FastCap|Any CPU.ActiveCfg = Release|Any CPU
		{1D878D75-AE9C-4C86-84E8-E423F260B3FC}.Profile_FastCap|Any CPU.Build.0 = Release|Any CPU
		{1D878D75-AE9C-4C86-84E8-E423F260B3FC}.Profile_FastCap|Mixed Platforms.ActiveCfg = Release|Any CPU
		{1D878D75-AE9C-4C86-84E8-E423F260B3FC}.Profile_FastCap|Mixed Platforms.Build.0 = Release|Any CPU
		{1D878D75-AE9C-4C86-84E8-E423F260B3FC}.Profile_FastCap|Win32.ActiveCfg = Release|Any CPU
		{1D878D75-AE9C-4C86-84E8-E423F260B3FC}.Profile_FastCap|Xbox 360.ActiveCfg = Release|Any CPU
		{1D878D75-AE9C-4C86-84E8-E423F260B3FC}.Profile|Any CPU.ActiveCfg = Release|Any CPU
		{1D878D75-AE9C-4C86-84E8-E423F260B3FC}.Profile|Any CPU.Build.0 = Release|Any CPU
		{1D878D75-AE9C-4C86-84E8-E423F260B3FC}.Profile|Mixed Platforms.ActiveCfg = Release|Any CPU
		{1D878D75-AE9C-4C86-84E8-E423F260B3FC}.Profile|Mixed Platforms.Build.0 = Release|Any CPU
		{1D878D75-AE9C-4C86-84E8-E423F260B3FC}.Profile|Win32.ActiveCfg = Release|Any CPU
		{1D878D75-AE9C-4C86-84E8-E423F260B3FC}.Profile|Xbox 360.ActiveCfg = Release|Any CPU
		{1D878D75-AE9C-4C86-84E8-E423F260B3FC}.Release_LTCG|Any CPU.ActiveCfg = Release|Any CPU
		{1D878D75-AE9C-4C86-84E8-E423F260B3FC}.Release_LTCG|Any CPU.Build.0 = Release|Any CPU
		{1D878D75-AE9C-4C86-84E8-E423F260B3FC}.Release_LTCG|Mixed Platforms.ActiveCfg = Release|Any CPU
		{1D878D75-AE9C-4C86-84E8-E423F260B3FC}.Release_LTCG|Mixed Platforms.Build.0 = Release|Any CPU
		{1D878D75-AE9C-4C86-84E8-E423F260B3FC}.Release_LTCG|Win32.ActiveCfg = Release|Any CPU
		{1D878D75-AE9C-4C86-84E8-E423F260B3FC}.Release_LTCG|Xbox 360.ActiveCfg = Release|Any CPU
		{1D878D75-AE9C-4C86-84E8-E423F260B3FC}.Release|Any CPU.ActiveCfg = Release|Any CPU
		{1D878D75-AE9C-4C86-84E8-E423F260B3FC}.Release|Any CPU.Build.0 = Release|Any CPU
		{1D878D75-AE9C-4C86-84E8-E423F260B3FC}.Release|Mixed Platforms.ActiveCfg = Release|Any CPU
		{1D878D75-AE9C-4C86-84E8-E423F260B3FC}.Release|Mixed Platforms.Build.0 = Release|Any CPU
		{1D878D75-AE9C-4C86-84E8-E423F260B3FC}.Release|Win32.ActiveCfg = Release|Any CPU
		{1D878D75-AE9C-4C86-84E8-E423F260B3FC}.Release|Xbox 360.ActiveCfg = Release|Any CPU
		{EAC394E6-2724-4795-81FF-8700A0D74CD0}.CodeAnalysis|Any CPU.ActiveCfg = Release|Any CPU
		{EAC394E6-2724-4795-81FF-8700A0D74CD0}.CodeAnalysis|Any CPU.Build.0 = Release|Any CPU
		{EAC394E6-2724-4795-81FF-8700A0D74CD0}.CodeAnalysis|Mixed Platforms.ActiveCfg = Release|Any CPU
		{EAC394E6-2724-4795-81FF-8700A0D74CD0}.CodeAnalysis|Mixed Platforms.Build.0 = Release|Any CPU
		{EAC394E6-2724-4795-81FF-8700A0D74CD0}.CodeAnalysis|Win32.ActiveCfg = Release|Any CPU
		{EAC394E6-2724-4795-81FF-8700A0D74CD0}.CodeAnalysis|Xbox 360.ActiveCfg = Release|Any CPU
		{EAC394E6-2724-4795-81FF-8700A0D74CD0}.Debug|Any CPU.ActiveCfg = Debug|Any CPU
		{EAC394E6-2724-4795-81FF-8700A0D74CD0}.Debug|Any CPU.Build.0 = Debug|Any CPU
		{EAC394E6-2724-4795-81FF-8700A0D74CD0}.Debug|Mixed Platforms.ActiveCfg = Debug|Any CPU
		{EAC394E6-2724-4795-81FF-8700A0D74CD0}.Debug|Mixed Platforms.Build.0 = Debug|Any CPU
		{EAC394E6-2724-4795-81FF-8700A0D74CD0}.Debug|Win32.ActiveCfg = Debug|Any CPU
		{EAC394E6-2724-4795-81FF-8700A0D74CD0}.Debug|Xbox 360.ActiveCfg = Debug|Any CPU
		{EAC394E6-2724-4795-81FF-8700A0D74CD0}.Profile_FastCap|Any CPU.ActiveCfg = Release|Any CPU
		{EAC394E6-2724-4795-81FF-8700A0D74CD0}.Profile_FastCap|Any CPU.Build.0 = Release|Any CPU
		{EAC394E6-2724-4795-81FF-8700A0D74CD0}.Profile_FastCap|Mixed Platforms.ActiveCfg = Release|Any CPU
		{EAC394E6-2724-4795-81FF-8700A0D74CD0}.Profile_FastCap|Mixed Platforms.Build.0 = Release|Any CPU
		{EAC394E6-2724-4795-81FF-8700A0D74CD0}.Profile_FastCap|Win32.ActiveCfg = Release|Any CPU
		{EAC394E6-2724-4795-81FF-8700A0D74CD0}.Profile_FastCap|Xbox 360.ActiveCfg = Release|Any CPU
		{EAC394E6-2724-4795-81FF-8700A0D74CD0}.Profile|Any CPU.ActiveCfg = Release|Any CPU
		{EAC394E6-2724-4795-81FF-8700A0D74CD0}.Profile|Any CPU.Build.0 = Release|Any CPU
		{EAC394E6-2724-4795-81FF-8700A0D74CD0}.Profile|Mixed Platforms.ActiveCfg = Release|Any CPU
		{EAC394E6-2724-4795-81FF-8700A0D74CD0}.Profile|Mixed Platforms.Build.0 = Release|Any CPU
		{EAC394E6-2724-4795-81FF-8700A0D74CD0}.Profile|Win32.ActiveCfg = Release|Any CPU
		{EAC394E6-2724-4795-81FF-8700A0D74CD0}.Profile|Xbox 360.ActiveCfg = Release|Any CPU
		{EAC394E6-2724-4795-81FF-8700A0D74CD0}.Release_LTCG|Any CPU.ActiveCfg = Release|Any CPU
		{EAC394E6-2724-4795-81FF-8700A0D74CD0}.Release_LTCG|Any CPU.Build.0 = Release|Any CPU
		{EAC394E6-2724-4795-81FF-8700A0D74CD0}.Release_LTCG|Mixed Platforms.ActiveCfg = Release|Any CPU
		{EAC394E6-2724-4795-81FF-8700A0D74CD0}.Release_LTCG|Mixed Platforms.Build.0 = Release|Any CPU
		{EAC394E6-2724-4795-81FF-8700A0D74CD0}.Release_LTCG|Win32.ActiveCfg = Release|Any CPU
		{EAC394E6-2724-4795-81FF-8700A0D74CD0}.Release_LTCG|Xbox 360.ActiveCfg = Release|Any CPU
		{EAC394E6-2724-4795-81FF-8700A0D74CD0}.Release|Any CPU.ActiveCfg = Release|Any CPU
		{EAC394E6-2724-4795-81FF-8700A0D74CD0}.Release|Any CPU.Build.0 = Release|Any CPU
		{EAC394E6-2724-4795-81FF-8700A0D74CD0}.Release|Mixed Platforms.ActiveCfg = Release|Any CPU
		{EAC394E6-2724-4795-81FF-8700A0D74CD0}.Release|Mixed Platforms.Build.0 = Release|Any CPU
		{EAC394E6-2724-4795-81FF-8700A0D74CD0}.Release|Win32.ActiveCfg = Release|Any CPU
		{EAC394E6-2724-4795-81FF-8700A0D74CD0}.Release|Xbox 360.ActiveCfg = Release|Any CPU
		{922ED2DE-6DCC-4A0F-A3C9-A336CD30E5AF}.CodeAnalysis|Any CPU.ActiveCfg = Release|Any CPU
		{922ED2DE-6DCC-4A0F-A3C9-A336CD30E5AF}.CodeAnalysis|Any CPU.Build.0 = Release|Any CPU
		{922ED2DE-6DCC-4A0F-A3C9-A336CD30E5AF}.CodeAnalysis|Mixed Platforms.ActiveCfg = Release|Any CPU
		{922ED2DE-6DCC-4A0F-A3C9-A336CD30E5AF}.CodeAnalysis|Mixed Platforms.Build.0 = Release|Any CPU
		{922ED2DE-6DCC-4A0F-A3C9-A336CD30E5AF}.CodeAnalysis|Win32.ActiveCfg = Release|Any CPU
		{922ED2DE-6DCC-4A0F-A3C9-A336CD30E5AF}.CodeAnalysis|Xbox 360.ActiveCfg = Release|Any CPU
		{922ED2DE-6DCC-4A0F-A3C9-A336CD30E5AF}.Debug|Any CPU.ActiveCfg = Debug|Any CPU
		{922ED2DE-6DCC-4A0F-A3C9-A336CD30E5AF}.Debug|Any CPU.Build.0 = Debug|Any CPU
		{922ED2DE-6DCC-4A0F-A3C9-A336CD30E5AF}.Debug|Mixed Platforms.ActiveCfg = Debug|Any CPU
		{922ED2DE-6DCC-4A0F-A3C9-A336CD30E5AF}.Debug|Mixed Platforms.Build.0 = Debug|Any CPU
		{922ED2DE-6DCC-4A0F-A3C9-A336CD30E5AF}.Debug|Win32.ActiveCfg = Debug|Any CPU
		{922ED2DE-6DCC-4A0F-A3C9-A336CD30E5AF}.Debug|Xbox 360.ActiveCfg = Debug|Any CPU
		{922ED2DE-6DCC-4A0F-A3C9-A336CD30E5AF}.Profile_FastCap|Any CPU.ActiveCfg = Release|Any CPU
		{922ED2DE-6DCC-4A0F-A3C9-A336CD30E5AF}.Profile_FastCap|Any CPU.Build.0 = Release|Any CPU
		{922ED2DE-6DCC-4A0F-A3C9-A336CD30E5AF}.Profile_FastCap|Mixed Platforms.ActiveCfg = Release|Any CPU
		{922ED2DE-6DCC-4A0F-A3C9-A336CD30E5AF}.Profile_FastCap|Mixed Platforms.Build.0 = Release|Any CPU
		{922ED2DE-6DCC-4A0F-A3C9-A336CD30E5AF}.Profile_FastCap|Win32.ActiveCfg = Release|Any CPU
		{922ED2DE-6DCC-4A0F-A3C9-A336CD30E5AF}.Profile_FastCap|Xbox 360.ActiveCfg = Release|Any CPU
		{922ED2DE-6DCC-4A0F-A3C9-A336CD30E5AF}.Profile|Any CPU.ActiveCfg = Release|Any CPU
		{922ED2DE-6DCC-4A0F-A3C9-A336CD30E5AF}.Profile|Any CPU.Build.0 = Release|Any CPU
		{922ED2DE-6DCC-4A0F-A3C9-A336CD30E5AF}.Profile|Mixed Platforms.ActiveCfg = Release|Any CPU
		{922ED2DE-6DCC-4A0F-A3C9-A336CD30E5AF}.Profile|Mixed Platforms.Build.0 = Release|Any CPU
		{922ED2DE-6DCC-4A0F-A3C9-A336CD30E5AF}.Profile|Win32.ActiveCfg = Release|Any CPU
		{922ED2DE-6DCC-4A0F-A3C9-A336CD30E5AF}.Profile|Xbox 360.ActiveCfg = Release|Any CPU
		{922ED2DE-6DCC-4A0F-A3C9-A336CD30E5AF}.Release_LTCG|Any CPU.ActiveCfg = Release|Any CPU
		{922ED2DE-6DCC-4A0F-A3C9-A336CD30E5AF}.Release_LTCG|Any CPU.Build.0 = Release|Any CPU
		{922ED2DE-6DCC-4A0F-A3C9-A336CD30E5AF}.Release_LTCG|Mixed Platforms.ActiveCfg = Release|Any CPU
		{922ED2DE-6DCC-4A0F-A3C9-A336CD30E5AF}.Release_LTCG|Mixed Platforms.Build.0 = Release|Any CPU
		{922ED2DE-6DCC-4A0F-A3C9-A336CD30E5AF}.Release_LTCG|Win32.ActiveCfg = Release|Any CPU
		{922ED2DE-6DCC-4A0F-A3C9-A336CD30E5AF}.Release_LTCG|Xbox 360.ActiveCfg = Release|Any CPU
		{922ED2DE-6DCC-4A0F-A3C9-A336CD30E5AF}.Release|Any CPU.ActiveCfg = Release|Any CPU
		{922ED2DE-6DCC-4A0F-A3C9-A336CD30E5AF}.Release|Any CPU.Build.0 = Release|Any CPU
		{922ED2DE-6DCC-4A0F-A3C9-A336CD30E5AF}.Release|Mixed Platforms.ActiveCfg = Release|Any CPU
		{922ED2DE-6DCC-4A0F-A3C9-A336CD30E5AF}.Release|Mixed Platforms.Build.0 = Release|Any CPU
		{922ED2DE-6DCC-4A0F-A3C9-A336CD30E5AF}.Release|Win32.ActiveCfg = Release|Any CPU
		{922ED2DE-6DCC-4A0F-A3C9-A336CD30E5AF}.Release|Xbox 360.ActiveCfg = Release|Any CPU
	EndGlobalSection
	GlobalSection(SolutionProperties) = preSolution
		HideSolutionNode = FALSE
	EndGlobalSection
	GlobalSection(NestedProjects) = preSolution
		{6256560F-B733-4976-A693-9BBD0A0C360A} = {F70C3C1F-16CD-4122-A878-16D3D77960DD}
		{7D522067-ECAA-492F-AAA7-AE4AFDB695CD} = {F70C3C1F-16CD-4122-A878-16D3D77960DD}
		{9B363901-75B7-46AA-9AF3-EE704BD29DB5} = {F70C3C1F-16CD-4122-A878-16D3D77960DD}
		{D72F7A22-B141-4A6C-9BEA-4D921DE33EC2} = {F70C3C1F-16CD-4122-A878-16D3D77960DD}
		{94503282-B126-4CC6-93AC-E167FACD372D} = {F70C3C1F-16CD-4122-A878-16D3D77960DD}
		{8D4B6462-0124-445F-80BB-3E53999C15A6} = {F70C3C1F-16CD-4122-A878-16D3D77960DD}
		{35BD0A96-D62D-4AC8-AAA9-A6B0A2BBE456} = {F70C3C1F-16CD-4122-A878-16D3D77960DD}
		{B2C7C2B5-372A-4A62-882D-5C54186B4AA5} = {F70C3C1F-16CD-4122-A878-16D3D77960DD}
		{C667AFB7-B589-4D6A-BAA8-3E1495463C93} = {F70C3C1F-16CD-4122-A878-16D3D77960DD}
		{FC12F3B0-2FED-4063-A348-91F7C9FF4901} = {F70C3C1F-16CD-4122-A878-16D3D77960DD}
		{1D878D75-AE9C-4C86-84E8-E423F260B3FC} = {F70C3C1F-16CD-4122-A878-16D3D77960DD}
		{EAC394E6-2724-4795-81FF-8700A0D74CD0} = {F70C3C1F-16CD-4122-A878-16D3D77960DD}
		{922ED2DE-6DCC-4A0F-A3C9-A336CD30E5AF} = {F70C3C1F-16CD-4122-A878-16D3D77960DD}
	EndGlobalSection
EndGlobal
